// !$*UTF8*$!
{
	archiveVersion = 1;
	classes = {
	};
	objectVersion = 48;
	objects = {

/* Begin PBXBuildFile section */
		076A9D1C1EEF421800EF258A /* CharacterExtensions.swift in Sources */ = {isa = PBXBuildFile; fileRef = 076A9D181EEF420800EF258A /* CharacterExtensions.swift */; };
		076A9D1D1EEF421800EF258A /* DataExtensions.swift in Sources */ = {isa = PBXBuildFile; fileRef = 076A9D161EEF420800EF258A /* DataExtensions.swift */; };
		076A9D1E1EEF421800EF258A /* IntExtensions.swift in Sources */ = {isa = PBXBuildFile; fileRef = 076A9D171EEF420800EF258A /* IntExtensions.swift */; };
		076A9D1F1EEF421900EF258A /* CharacterExtensions.swift in Sources */ = {isa = PBXBuildFile; fileRef = 076A9D181EEF420800EF258A /* CharacterExtensions.swift */; };
		076A9D201EEF421900EF258A /* DataExtensions.swift in Sources */ = {isa = PBXBuildFile; fileRef = 076A9D161EEF420800EF258A /* DataExtensions.swift */; };
		076A9D211EEF421900EF258A /* IntExtensions.swift in Sources */ = {isa = PBXBuildFile; fileRef = 076A9D171EEF420800EF258A /* IntExtensions.swift */; };
		076A9D221EEF421900EF258A /* CharacterExtensions.swift in Sources */ = {isa = PBXBuildFile; fileRef = 076A9D181EEF420800EF258A /* CharacterExtensions.swift */; };
		076A9D231EEF421900EF258A /* DataExtensions.swift in Sources */ = {isa = PBXBuildFile; fileRef = 076A9D161EEF420800EF258A /* DataExtensions.swift */; };
		076A9D241EEF421900EF258A /* IntExtensions.swift in Sources */ = {isa = PBXBuildFile; fileRef = 076A9D171EEF420800EF258A /* IntExtensions.swift */; };
		076A9D251EEF421A00EF258A /* CharacterExtensions.swift in Sources */ = {isa = PBXBuildFile; fileRef = 076A9D181EEF420800EF258A /* CharacterExtensions.swift */; };
		076A9D261EEF421A00EF258A /* DataExtensions.swift in Sources */ = {isa = PBXBuildFile; fileRef = 076A9D161EEF420800EF258A /* DataExtensions.swift */; };
		076A9D271EEF421A00EF258A /* IntExtensions.swift in Sources */ = {isa = PBXBuildFile; fileRef = 076A9D171EEF420800EF258A /* IntExtensions.swift */; };
		076A9D2B1EEF47F600EF258A /* CharacterExtensionsTests.swift in Sources */ = {isa = PBXBuildFile; fileRef = 076A9D2A1EEF47F000EF258A /* CharacterExtensionsTests.swift */; };
		076A9D2C1EEF47F600EF258A /* DataExtensionsTests.swift in Sources */ = {isa = PBXBuildFile; fileRef = 076A9D291EEF47F000EF258A /* DataExtensionsTests.swift */; };
		076A9D2D1EEF47F600EF258A /* IntExtensionsTests.swift in Sources */ = {isa = PBXBuildFile; fileRef = 076A9D281EEF47F000EF258A /* IntExtensionsTests.swift */; };
		076A9D2E1EEF47F600EF258A /* CharacterExtensionsTests.swift in Sources */ = {isa = PBXBuildFile; fileRef = 076A9D2A1EEF47F000EF258A /* CharacterExtensionsTests.swift */; };
		076A9D2F1EEF47F700EF258A /* DataExtensionsTests.swift in Sources */ = {isa = PBXBuildFile; fileRef = 076A9D291EEF47F000EF258A /* DataExtensionsTests.swift */; };
		076A9D301EEF47F700EF258A /* IntExtensionsTests.swift in Sources */ = {isa = PBXBuildFile; fileRef = 076A9D281EEF47F000EF258A /* IntExtensionsTests.swift */; };
		076A9D311EEF47F700EF258A /* CharacterExtensionsTests.swift in Sources */ = {isa = PBXBuildFile; fileRef = 076A9D2A1EEF47F000EF258A /* CharacterExtensionsTests.swift */; };
		076A9D321EEF47F700EF258A /* DataExtensionsTests.swift in Sources */ = {isa = PBXBuildFile; fileRef = 076A9D291EEF47F000EF258A /* DataExtensionsTests.swift */; };
		076A9D331EEF47F700EF258A /* IntExtensionsTests.swift in Sources */ = {isa = PBXBuildFile; fileRef = 076A9D281EEF47F000EF258A /* IntExtensionsTests.swift */; };
		07927A041EF2905100B3C47C /* StringExtensions.swift in Sources */ = {isa = PBXBuildFile; fileRef = 0764EDE01EF28EEE000859DE /* StringExtensions.swift */; };
		07927A051EF2905100B3C47C /* StringExtensions.swift in Sources */ = {isa = PBXBuildFile; fileRef = 0764EDE01EF28EEE000859DE /* StringExtensions.swift */; };
		07927A061EF2905200B3C47C /* StringExtensions.swift in Sources */ = {isa = PBXBuildFile; fileRef = 0764EDE01EF28EEE000859DE /* StringExtensions.swift */; };
		07927A071EF2905200B3C47C /* StringExtensions.swift in Sources */ = {isa = PBXBuildFile; fileRef = 0764EDE01EF28EEE000859DE /* StringExtensions.swift */; };
		079CCA231EEEF2990057BE54 /* BoolExtensions.swift in Sources */ = {isa = PBXBuildFile; fileRef = 079CCA0E1EEEF2930057BE54 /* BoolExtensions.swift */; };
		079CCA241EEEF2990057BE54 /* DateExtensions.swift in Sources */ = {isa = PBXBuildFile; fileRef = 079CCA0F1EEEF2930057BE54 /* DateExtensions.swift */; };
		079CCA251EEEF2990057BE54 /* DoubleExtensions.swift in Sources */ = {isa = PBXBuildFile; fileRef = 079CCA101EEEF2930057BE54 /* DoubleExtensions.swift */; };
		079CCA261EEEF2990057BE54 /* FloatExtensions.swift in Sources */ = {isa = PBXBuildFile; fileRef = 079CCA111EEEF2930057BE54 /* FloatExtensions.swift */; };
		079CCA271EEEF2990057BE54 /* FloatingPointExtensions.swift in Sources */ = {isa = PBXBuildFile; fileRef = 079CCA121EEEF2930057BE54 /* FloatingPointExtensions.swift */; };
		079CCA281EEEF2990057BE54 /* LocaleExtensions.swift in Sources */ = {isa = PBXBuildFile; fileRef = 079CCA131EEEF2930057BE54 /* LocaleExtensions.swift */; };
		079CCA291EEEF2990057BE54 /* OptionalExtensions.swift in Sources */ = {isa = PBXBuildFile; fileRef = 079CCA141EEEF2930057BE54 /* OptionalExtensions.swift */; };
		079CCA2A1EEEF2990057BE54 /* URLExtensions.swift in Sources */ = {isa = PBXBuildFile; fileRef = 079CCA151EEEF2930057BE54 /* URLExtensions.swift */; };
		079CCA2B1EEEF2990057BE54 /* BoolExtensions.swift in Sources */ = {isa = PBXBuildFile; fileRef = 079CCA0E1EEEF2930057BE54 /* BoolExtensions.swift */; };
		079CCA2C1EEEF2990057BE54 /* DateExtensions.swift in Sources */ = {isa = PBXBuildFile; fileRef = 079CCA0F1EEEF2930057BE54 /* DateExtensions.swift */; };
		079CCA2D1EEEF2990057BE54 /* DoubleExtensions.swift in Sources */ = {isa = PBXBuildFile; fileRef = 079CCA101EEEF2930057BE54 /* DoubleExtensions.swift */; };
		079CCA2E1EEEF2990057BE54 /* FloatExtensions.swift in Sources */ = {isa = PBXBuildFile; fileRef = 079CCA111EEEF2930057BE54 /* FloatExtensions.swift */; };
		079CCA2F1EEEF2990057BE54 /* FloatingPointExtensions.swift in Sources */ = {isa = PBXBuildFile; fileRef = 079CCA121EEEF2930057BE54 /* FloatingPointExtensions.swift */; };
		079CCA301EEEF2990057BE54 /* LocaleExtensions.swift in Sources */ = {isa = PBXBuildFile; fileRef = 079CCA131EEEF2930057BE54 /* LocaleExtensions.swift */; };
		079CCA311EEEF2990057BE54 /* OptionalExtensions.swift in Sources */ = {isa = PBXBuildFile; fileRef = 079CCA141EEEF2930057BE54 /* OptionalExtensions.swift */; };
		079CCA321EEEF2990057BE54 /* URLExtensions.swift in Sources */ = {isa = PBXBuildFile; fileRef = 079CCA151EEEF2930057BE54 /* URLExtensions.swift */; };
		079CCA331EEEF2990057BE54 /* BoolExtensions.swift in Sources */ = {isa = PBXBuildFile; fileRef = 079CCA0E1EEEF2930057BE54 /* BoolExtensions.swift */; };
		079CCA341EEEF2990057BE54 /* DateExtensions.swift in Sources */ = {isa = PBXBuildFile; fileRef = 079CCA0F1EEEF2930057BE54 /* DateExtensions.swift */; };
		079CCA351EEEF2990057BE54 /* DoubleExtensions.swift in Sources */ = {isa = PBXBuildFile; fileRef = 079CCA101EEEF2930057BE54 /* DoubleExtensions.swift */; };
		079CCA361EEEF2990057BE54 /* FloatExtensions.swift in Sources */ = {isa = PBXBuildFile; fileRef = 079CCA111EEEF2930057BE54 /* FloatExtensions.swift */; };
		079CCA371EEEF2990057BE54 /* FloatingPointExtensions.swift in Sources */ = {isa = PBXBuildFile; fileRef = 079CCA121EEEF2930057BE54 /* FloatingPointExtensions.swift */; };
		079CCA381EEEF2990057BE54 /* LocaleExtensions.swift in Sources */ = {isa = PBXBuildFile; fileRef = 079CCA131EEEF2930057BE54 /* LocaleExtensions.swift */; };
		079CCA391EEEF2990057BE54 /* OptionalExtensions.swift in Sources */ = {isa = PBXBuildFile; fileRef = 079CCA141EEEF2930057BE54 /* OptionalExtensions.swift */; };
		079CCA3A1EEEF2990057BE54 /* URLExtensions.swift in Sources */ = {isa = PBXBuildFile; fileRef = 079CCA151EEEF2930057BE54 /* URLExtensions.swift */; };
		079CCA3B1EEEF29A0057BE54 /* BoolExtensions.swift in Sources */ = {isa = PBXBuildFile; fileRef = 079CCA0E1EEEF2930057BE54 /* BoolExtensions.swift */; };
		079CCA3C1EEEF29A0057BE54 /* DateExtensions.swift in Sources */ = {isa = PBXBuildFile; fileRef = 079CCA0F1EEEF2930057BE54 /* DateExtensions.swift */; };
		079CCA3D1EEEF29A0057BE54 /* DoubleExtensions.swift in Sources */ = {isa = PBXBuildFile; fileRef = 079CCA101EEEF2930057BE54 /* DoubleExtensions.swift */; };
		079CCA3E1EEEF29A0057BE54 /* FloatExtensions.swift in Sources */ = {isa = PBXBuildFile; fileRef = 079CCA111EEEF2930057BE54 /* FloatExtensions.swift */; };
		079CCA3F1EEEF29A0057BE54 /* FloatingPointExtensions.swift in Sources */ = {isa = PBXBuildFile; fileRef = 079CCA121EEEF2930057BE54 /* FloatingPointExtensions.swift */; };
		079CCA401EEEF29A0057BE54 /* LocaleExtensions.swift in Sources */ = {isa = PBXBuildFile; fileRef = 079CCA131EEEF2930057BE54 /* LocaleExtensions.swift */; };
		079CCA411EEEF29A0057BE54 /* OptionalExtensions.swift in Sources */ = {isa = PBXBuildFile; fileRef = 079CCA141EEEF2930057BE54 /* OptionalExtensions.swift */; };
		079CCA421EEEF29A0057BE54 /* URLExtensions.swift in Sources */ = {isa = PBXBuildFile; fileRef = 079CCA151EEEF2930057BE54 /* URLExtensions.swift */; };
		079CCA431EEEF2A20057BE54 /* BoolExtensionsTests.swift in Sources */ = {isa = PBXBuildFile; fileRef = 079CCA1A1EEEF2930057BE54 /* BoolExtensionsTests.swift */; };
		079CCA441EEEF2A20057BE54 /* DateExtensionsTests.swift in Sources */ = {isa = PBXBuildFile; fileRef = 079CCA1B1EEEF2930057BE54 /* DateExtensionsTests.swift */; };
		079CCA451EEEF2A20057BE54 /* DoubleExtensionsTests.swift in Sources */ = {isa = PBXBuildFile; fileRef = 079CCA1C1EEEF2930057BE54 /* DoubleExtensionsTests.swift */; };
		079CCA461EEEF2A20057BE54 /* FloatExtensionsTests.swift in Sources */ = {isa = PBXBuildFile; fileRef = 079CCA1D1EEEF2930057BE54 /* FloatExtensionsTests.swift */; };
		079CCA471EEEF2A20057BE54 /* FloatingPointExtensionsTests.swift in Sources */ = {isa = PBXBuildFile; fileRef = 079CCA1E1EEEF2930057BE54 /* FloatingPointExtensionsTests.swift */; };
		079CCA481EEEF2A20057BE54 /* LocaleExtensionsTests.swift in Sources */ = {isa = PBXBuildFile; fileRef = 079CCA1F1EEEF2930057BE54 /* LocaleExtensionsTests.swift */; };
		079CCA491EEEF2A20057BE54 /* OptionalExtensionsTests.swift in Sources */ = {isa = PBXBuildFile; fileRef = 079CCA201EEEF2930057BE54 /* OptionalExtensionsTests.swift */; };
		079CCA4A1EEEF2A20057BE54 /* URLExtensionsTests.swift in Sources */ = {isa = PBXBuildFile; fileRef = 079CCA211EEEF2930057BE54 /* URLExtensionsTests.swift */; };
		079CCA4B1EEEF2A30057BE54 /* BoolExtensionsTests.swift in Sources */ = {isa = PBXBuildFile; fileRef = 079CCA1A1EEEF2930057BE54 /* BoolExtensionsTests.swift */; };
		079CCA4C1EEEF2A30057BE54 /* DateExtensionsTests.swift in Sources */ = {isa = PBXBuildFile; fileRef = 079CCA1B1EEEF2930057BE54 /* DateExtensionsTests.swift */; };
		079CCA4D1EEEF2A30057BE54 /* DoubleExtensionsTests.swift in Sources */ = {isa = PBXBuildFile; fileRef = 079CCA1C1EEEF2930057BE54 /* DoubleExtensionsTests.swift */; };
		079CCA4E1EEEF2A30057BE54 /* FloatExtensionsTests.swift in Sources */ = {isa = PBXBuildFile; fileRef = 079CCA1D1EEEF2930057BE54 /* FloatExtensionsTests.swift */; };
		079CCA4F1EEEF2A30057BE54 /* FloatingPointExtensionsTests.swift in Sources */ = {isa = PBXBuildFile; fileRef = 079CCA1E1EEEF2930057BE54 /* FloatingPointExtensionsTests.swift */; };
		079CCA501EEEF2A30057BE54 /* LocaleExtensionsTests.swift in Sources */ = {isa = PBXBuildFile; fileRef = 079CCA1F1EEEF2930057BE54 /* LocaleExtensionsTests.swift */; };
		079CCA511EEEF2A30057BE54 /* OptionalExtensionsTests.swift in Sources */ = {isa = PBXBuildFile; fileRef = 079CCA201EEEF2930057BE54 /* OptionalExtensionsTests.swift */; };
		079CCA521EEEF2A30057BE54 /* URLExtensionsTests.swift in Sources */ = {isa = PBXBuildFile; fileRef = 079CCA211EEEF2930057BE54 /* URLExtensionsTests.swift */; };
		079CCA531EEEF2A30057BE54 /* BoolExtensionsTests.swift in Sources */ = {isa = PBXBuildFile; fileRef = 079CCA1A1EEEF2930057BE54 /* BoolExtensionsTests.swift */; };
		079CCA541EEEF2A30057BE54 /* DateExtensionsTests.swift in Sources */ = {isa = PBXBuildFile; fileRef = 079CCA1B1EEEF2930057BE54 /* DateExtensionsTests.swift */; };
		079CCA551EEEF2A30057BE54 /* DoubleExtensionsTests.swift in Sources */ = {isa = PBXBuildFile; fileRef = 079CCA1C1EEEF2930057BE54 /* DoubleExtensionsTests.swift */; };
		079CCA561EEEF2A30057BE54 /* FloatExtensionsTests.swift in Sources */ = {isa = PBXBuildFile; fileRef = 079CCA1D1EEEF2930057BE54 /* FloatExtensionsTests.swift */; };
		079CCA571EEEF2A30057BE54 /* FloatingPointExtensionsTests.swift in Sources */ = {isa = PBXBuildFile; fileRef = 079CCA1E1EEEF2930057BE54 /* FloatingPointExtensionsTests.swift */; };
		079CCA581EEEF2A30057BE54 /* LocaleExtensionsTests.swift in Sources */ = {isa = PBXBuildFile; fileRef = 079CCA1F1EEEF2930057BE54 /* LocaleExtensionsTests.swift */; };
		079CCA591EEEF2A30057BE54 /* OptionalExtensionsTests.swift in Sources */ = {isa = PBXBuildFile; fileRef = 079CCA201EEEF2930057BE54 /* OptionalExtensionsTests.swift */; };
		079CCA5A1EEEF2A30057BE54 /* URLExtensionsTests.swift in Sources */ = {isa = PBXBuildFile; fileRef = 079CCA211EEEF2930057BE54 /* URLExtensionsTests.swift */; };
		07FEB22E1EEEE8EC00EB564F /* SwifterSwift.framework in Frameworks */ = {isa = PBXBuildFile; fileRef = 0787417D1EEED3530026ADE7 /* SwifterSwift.framework */; };
		07FEB23D1EEEE92A00EB564F /* SwifterSwift.framework in Frameworks */ = {isa = PBXBuildFile; fileRef = 0787418B1EEED3720026ADE7 /* SwifterSwift.framework */; };
		07FEB24C1EEEE93C00EB564F /* SwifterSwift.framework in Frameworks */ = {isa = PBXBuildFile; fileRef = 078741A51EEED3A60026ADE7 /* SwifterSwift.framework */; };
/* End PBXBuildFile section */

/* Begin PBXContainerItemProxy section */
		07FEB22F1EEEE8EC00EB564F /* PBXContainerItemProxy */ = {
			isa = PBXContainerItemProxy;
			containerPortal = 078741721EEED2BA0026ADE7 /* Project object */;
			proxyType = 1;
			remoteGlobalIDString = 0787417C1EEED3530026ADE7;
			remoteInfo = "SwifterSwift iOS";
		};
		07FEB23E1EEEE92A00EB564F /* PBXContainerItemProxy */ = {
			isa = PBXContainerItemProxy;
			containerPortal = 078741721EEED2BA0026ADE7 /* Project object */;
			proxyType = 1;
			remoteGlobalIDString = 0787418A1EEED3720026ADE7;
			remoteInfo = "SwifterSwift tvOS";
		};
		07FEB24D1EEEE93C00EB564F /* PBXContainerItemProxy */ = {
			isa = PBXContainerItemProxy;
			containerPortal = 078741721EEED2BA0026ADE7 /* Project object */;
			proxyType = 1;
			remoteGlobalIDString = 078741A41EEED3A60026ADE7;
			remoteInfo = "SwifterSwift macOS";
		};
/* End PBXContainerItemProxy section */

/* Begin PBXFileReference section */
		0764EDE01EF28EEE000859DE /* StringExtensions.swift */ = {isa = PBXFileReference; lastKnownFileType = sourcecode.swift; path = StringExtensions.swift; sourceTree = "<group>"; };
		076A9D161EEF420800EF258A /* DataExtensions.swift */ = {isa = PBXFileReference; lastKnownFileType = sourcecode.swift; path = DataExtensions.swift; sourceTree = "<group>"; };
		076A9D171EEF420800EF258A /* IntExtensions.swift */ = {isa = PBXFileReference; lastKnownFileType = sourcecode.swift; path = IntExtensions.swift; sourceTree = "<group>"; };
		076A9D181EEF420800EF258A /* CharacterExtensions.swift */ = {isa = PBXFileReference; lastKnownFileType = sourcecode.swift; path = CharacterExtensions.swift; sourceTree = "<group>"; };
		076A9D281EEF47F000EF258A /* IntExtensionsTests.swift */ = {isa = PBXFileReference; lastKnownFileType = sourcecode.swift; path = IntExtensionsTests.swift; sourceTree = "<group>"; };
		076A9D291EEF47F000EF258A /* DataExtensionsTests.swift */ = {isa = PBXFileReference; lastKnownFileType = sourcecode.swift; path = DataExtensionsTests.swift; sourceTree = "<group>"; };
		076A9D2A1EEF47F000EF258A /* CharacterExtensionsTests.swift */ = {isa = PBXFileReference; lastKnownFileType = sourcecode.swift; path = CharacterExtensionsTests.swift; sourceTree = "<group>"; };
		0787417D1EEED3530026ADE7 /* SwifterSwift.framework */ = {isa = PBXFileReference; explicitFileType = wrapper.framework; includeInIndex = 0; path = SwifterSwift.framework; sourceTree = BUILT_PRODUCTS_DIR; };
		0787418B1EEED3720026ADE7 /* SwifterSwift.framework */ = {isa = PBXFileReference; explicitFileType = wrapper.framework; includeInIndex = 0; path = SwifterSwift.framework; sourceTree = BUILT_PRODUCTS_DIR; };
		078741981EEED3950026ADE7 /* SwifterSwift.framework */ = {isa = PBXFileReference; explicitFileType = wrapper.framework; includeInIndex = 0; path = SwifterSwift.framework; sourceTree = BUILT_PRODUCTS_DIR; };
		078741A51EEED3A60026ADE7 /* SwifterSwift.framework */ = {isa = PBXFileReference; explicitFileType = wrapper.framework; includeInIndex = 0; path = SwifterSwift.framework; sourceTree = BUILT_PRODUCTS_DIR; };
		079CCA0E1EEEF2930057BE54 /* BoolExtensions.swift */ = {isa = PBXFileReference; lastKnownFileType = sourcecode.swift; path = BoolExtensions.swift; sourceTree = "<group>"; };
		079CCA0F1EEEF2930057BE54 /* DateExtensions.swift */ = {isa = PBXFileReference; lastKnownFileType = sourcecode.swift; path = DateExtensions.swift; sourceTree = "<group>"; };
		079CCA101EEEF2930057BE54 /* DoubleExtensions.swift */ = {isa = PBXFileReference; lastKnownFileType = sourcecode.swift; path = DoubleExtensions.swift; sourceTree = "<group>"; };
		079CCA111EEEF2930057BE54 /* FloatExtensions.swift */ = {isa = PBXFileReference; lastKnownFileType = sourcecode.swift; path = FloatExtensions.swift; sourceTree = "<group>"; };
		079CCA121EEEF2930057BE54 /* FloatingPointExtensions.swift */ = {isa = PBXFileReference; lastKnownFileType = sourcecode.swift; path = FloatingPointExtensions.swift; sourceTree = "<group>"; };
		079CCA131EEEF2930057BE54 /* LocaleExtensions.swift */ = {isa = PBXFileReference; lastKnownFileType = sourcecode.swift; path = LocaleExtensions.swift; sourceTree = "<group>"; };
		079CCA141EEEF2930057BE54 /* OptionalExtensions.swift */ = {isa = PBXFileReference; lastKnownFileType = sourcecode.swift; path = OptionalExtensions.swift; sourceTree = "<group>"; };
		079CCA151EEEF2930057BE54 /* URLExtensions.swift */ = {isa = PBXFileReference; lastKnownFileType = sourcecode.swift; path = URLExtensions.swift; sourceTree = "<group>"; };
		079CCA161EEEF2930057BE54 /* Info.plist */ = {isa = PBXFileReference; lastKnownFileType = text.plist.xml; path = Info.plist; sourceTree = "<group>"; };
		079CCA171EEEF2930057BE54 /* SwifterSwift.h */ = {isa = PBXFileReference; lastKnownFileType = sourcecode.c.h; path = SwifterSwift.h; sourceTree = "<group>"; };
		079CCA1A1EEEF2930057BE54 /* BoolExtensionsTests.swift */ = {isa = PBXFileReference; lastKnownFileType = sourcecode.swift; path = BoolExtensionsTests.swift; sourceTree = "<group>"; };
		079CCA1B1EEEF2930057BE54 /* DateExtensionsTests.swift */ = {isa = PBXFileReference; lastKnownFileType = sourcecode.swift; path = DateExtensionsTests.swift; sourceTree = "<group>"; };
		079CCA1C1EEEF2930057BE54 /* DoubleExtensionsTests.swift */ = {isa = PBXFileReference; lastKnownFileType = sourcecode.swift; path = DoubleExtensionsTests.swift; sourceTree = "<group>"; };
		079CCA1D1EEEF2930057BE54 /* FloatExtensionsTests.swift */ = {isa = PBXFileReference; lastKnownFileType = sourcecode.swift; path = FloatExtensionsTests.swift; sourceTree = "<group>"; };
		079CCA1E1EEEF2930057BE54 /* FloatingPointExtensionsTests.swift */ = {isa = PBXFileReference; lastKnownFileType = sourcecode.swift; path = FloatingPointExtensionsTests.swift; sourceTree = "<group>"; };
		079CCA1F1EEEF2930057BE54 /* LocaleExtensionsTests.swift */ = {isa = PBXFileReference; lastKnownFileType = sourcecode.swift; path = LocaleExtensionsTests.swift; sourceTree = "<group>"; };
		079CCA201EEEF2930057BE54 /* OptionalExtensionsTests.swift */ = {isa = PBXFileReference; lastKnownFileType = sourcecode.swift; path = OptionalExtensionsTests.swift; sourceTree = "<group>"; };
		079CCA211EEEF2930057BE54 /* URLExtensionsTests.swift */ = {isa = PBXFileReference; lastKnownFileType = sourcecode.swift; path = URLExtensionsTests.swift; sourceTree = "<group>"; };
		079CCA221EEEF2930057BE54 /* Info.plist */ = {isa = PBXFileReference; lastKnownFileType = text.plist.xml; path = Info.plist; sourceTree = "<group>"; };
		07FEB2291EEEE8EC00EB564F /* SwifterSwift iOS Tests.xctest */ = {isa = PBXFileReference; explicitFileType = wrapper.cfbundle; includeInIndex = 0; path = "SwifterSwift iOS Tests.xctest"; sourceTree = BUILT_PRODUCTS_DIR; };
		07FEB2381EEEE92A00EB564F /* SwifterSwift tvOS Tests.xctest */ = {isa = PBXFileReference; explicitFileType = wrapper.cfbundle; includeInIndex = 0; path = "SwifterSwift tvOS Tests.xctest"; sourceTree = BUILT_PRODUCTS_DIR; };
		07FEB2471EEEE93C00EB564F /* SwifterSwift macOS Tests.xctest */ = {isa = PBXFileReference; explicitFileType = wrapper.cfbundle; includeInIndex = 0; path = "SwifterSwift macOS Tests.xctest"; sourceTree = BUILT_PRODUCTS_DIR; };
/* End PBXFileReference section */

/* Begin PBXFrameworksBuildPhase section */
		078741791EEED3530026ADE7 /* Frameworks */ = {
			isa = PBXFrameworksBuildPhase;
			buildActionMask = 2147483647;
			files = (
			);
			runOnlyForDeploymentPostprocessing = 0;
		};
		078741871EEED3720026ADE7 /* Frameworks */ = {
			isa = PBXFrameworksBuildPhase;
			buildActionMask = 2147483647;
			files = (
			);
			runOnlyForDeploymentPostprocessing = 0;
		};
		078741941EEED3950026ADE7 /* Frameworks */ = {
			isa = PBXFrameworksBuildPhase;
			buildActionMask = 2147483647;
			files = (
			);
			runOnlyForDeploymentPostprocessing = 0;
		};
		078741A11EEED3A60026ADE7 /* Frameworks */ = {
			isa = PBXFrameworksBuildPhase;
			buildActionMask = 2147483647;
			files = (
			);
			runOnlyForDeploymentPostprocessing = 0;
		};
		07FEB2261EEEE8EC00EB564F /* Frameworks */ = {
			isa = PBXFrameworksBuildPhase;
			buildActionMask = 2147483647;
			files = (
				07FEB22E1EEEE8EC00EB564F /* SwifterSwift.framework in Frameworks */,
			);
			runOnlyForDeploymentPostprocessing = 0;
		};
		07FEB2351EEEE92A00EB564F /* Frameworks */ = {
			isa = PBXFrameworksBuildPhase;
			buildActionMask = 2147483647;
			files = (
				07FEB23D1EEEE92A00EB564F /* SwifterSwift.framework in Frameworks */,
			);
			runOnlyForDeploymentPostprocessing = 0;
		};
		07FEB2441EEEE93C00EB564F /* Frameworks */ = {
			isa = PBXFrameworksBuildPhase;
			buildActionMask = 2147483647;
			files = (
				07FEB24C1EEEE93C00EB564F /* SwifterSwift.framework in Frameworks */,
			);
			runOnlyForDeploymentPostprocessing = 0;
		};
/* End PBXFrameworksBuildPhase section */

/* Begin PBXGroup section */
		078741711EEED2BA0026ADE7 = {
			isa = PBXGroup;
			children = (
				079CCA0C1EEEF2930057BE54 /* Sources */,
				079CCA181EEEF2930057BE54 /* Tests */,
				0787417E1EEED3530026ADE7 /* Products */,
			);
			sourceTree = "<group>";
		};
		0787417E1EEED3530026ADE7 /* Products */ = {
			isa = PBXGroup;
			children = (
				0787417D1EEED3530026ADE7 /* SwifterSwift.framework */,
				0787418B1EEED3720026ADE7 /* SwifterSwift.framework */,
				078741981EEED3950026ADE7 /* SwifterSwift.framework */,
				078741A51EEED3A60026ADE7 /* SwifterSwift.framework */,
				07FEB2291EEEE8EC00EB564F /* SwifterSwift iOS Tests.xctest */,
				07FEB2381EEEE92A00EB564F /* SwifterSwift tvOS Tests.xctest */,
				07FEB2471EEEE93C00EB564F /* SwifterSwift macOS Tests.xctest */,
			);
			name = Products;
			sourceTree = "<group>";
		};
		079CCA0C1EEEF2930057BE54 /* Sources */ = {
			isa = PBXGroup;
			children = (
				079CCA0D1EEEF2930057BE54 /* Foundation */,
				079CCA161EEEF2930057BE54 /* Info.plist */,
				079CCA171EEEF2930057BE54 /* SwifterSwift.h */,
			);
			path = Sources;
			sourceTree = "<group>";
		};
		079CCA0D1EEEF2930057BE54 /* Foundation */ = {
			isa = PBXGroup;
			children = (
				0764EDE01EF28EEE000859DE /* StringExtensions.swift */,
				076A9D181EEF420800EF258A /* CharacterExtensions.swift */,
				076A9D161EEF420800EF258A /* DataExtensions.swift */,
				076A9D171EEF420800EF258A /* IntExtensions.swift */,
				079CCA0E1EEEF2930057BE54 /* BoolExtensions.swift */,
				079CCA0F1EEEF2930057BE54 /* DateExtensions.swift */,
				079CCA101EEEF2930057BE54 /* DoubleExtensions.swift */,
				079CCA111EEEF2930057BE54 /* FloatExtensions.swift */,
				079CCA121EEEF2930057BE54 /* FloatingPointExtensions.swift */,
				079CCA131EEEF2930057BE54 /* LocaleExtensions.swift */,
				079CCA141EEEF2930057BE54 /* OptionalExtensions.swift */,
				079CCA151EEEF2930057BE54 /* URLExtensions.swift */,
			);
			path = Foundation;
			sourceTree = "<group>";
		};
		079CCA181EEEF2930057BE54 /* Tests */ = {
			isa = PBXGroup;
			children = (
				079CCA191EEEF2930057BE54 /* Foundation */,
				079CCA221EEEF2930057BE54 /* Info.plist */,
			);
			path = Tests;
			sourceTree = "<group>";
		};
		079CCA191EEEF2930057BE54 /* Foundation */ = {
			isa = PBXGroup;
			children = (
				076A9D2A1EEF47F000EF258A /* CharacterExtensionsTests.swift */,
				076A9D291EEF47F000EF258A /* DataExtensionsTests.swift */,
				076A9D281EEF47F000EF258A /* IntExtensionsTests.swift */,
				079CCA1A1EEEF2930057BE54 /* BoolExtensionsTests.swift */,
				079CCA1B1EEEF2930057BE54 /* DateExtensionsTests.swift */,
				079CCA1C1EEEF2930057BE54 /* DoubleExtensionsTests.swift */,
				079CCA1D1EEEF2930057BE54 /* FloatExtensionsTests.swift */,
				079CCA1E1EEEF2930057BE54 /* FloatingPointExtensionsTests.swift */,
				079CCA1F1EEEF2930057BE54 /* LocaleExtensionsTests.swift */,
				079CCA201EEEF2930057BE54 /* OptionalExtensionsTests.swift */,
				079CCA211EEEF2930057BE54 /* URLExtensionsTests.swift */,
			);
			path = Foundation;
			sourceTree = "<group>";
		};
/* End PBXGroup section */

/* Begin PBXHeadersBuildPhase section */
		0787417A1EEED3530026ADE7 /* Headers */ = {
			isa = PBXHeadersBuildPhase;
			buildActionMask = 2147483647;
			files = (
			);
			runOnlyForDeploymentPostprocessing = 0;
		};
		078741881EEED3720026ADE7 /* Headers */ = {
			isa = PBXHeadersBuildPhase;
			buildActionMask = 2147483647;
			files = (
			);
			runOnlyForDeploymentPostprocessing = 0;
		};
		078741951EEED3950026ADE7 /* Headers */ = {
			isa = PBXHeadersBuildPhase;
			buildActionMask = 2147483647;
			files = (
			);
			runOnlyForDeploymentPostprocessing = 0;
		};
		078741A21EEED3A60026ADE7 /* Headers */ = {
			isa = PBXHeadersBuildPhase;
			buildActionMask = 2147483647;
			files = (
			);
			runOnlyForDeploymentPostprocessing = 0;
		};
/* End PBXHeadersBuildPhase section */

/* Begin PBXNativeTarget section */
		0787417C1EEED3530026ADE7 /* SwifterSwift iOS */ = {
			isa = PBXNativeTarget;
			buildConfigurationList = 078741831EEED3530026ADE7 /* Build configuration list for PBXNativeTarget "SwifterSwift iOS" */;
			buildPhases = (
				078741781EEED3530026ADE7 /* Sources */,
				078741791EEED3530026ADE7 /* Frameworks */,
				0787417A1EEED3530026ADE7 /* Headers */,
				0787417B1EEED3530026ADE7 /* Resources */,
			);
			buildRules = (
			);
			dependencies = (
			);
			name = "SwifterSwift iOS";
			productName = "SwifterSwift iOS";
			productReference = 0787417D1EEED3530026ADE7 /* SwifterSwift.framework */;
			productType = "com.apple.product-type.framework";
		};
		0787418A1EEED3720026ADE7 /* SwifterSwift tvOS */ = {
			isa = PBXNativeTarget;
			buildConfigurationList = 078741901EEED3720026ADE7 /* Build configuration list for PBXNativeTarget "SwifterSwift tvOS" */;
			buildPhases = (
				078741861EEED3720026ADE7 /* Sources */,
				078741871EEED3720026ADE7 /* Frameworks */,
				078741881EEED3720026ADE7 /* Headers */,
				078741891EEED3720026ADE7 /* Resources */,
			);
			buildRules = (
			);
			dependencies = (
			);
			name = "SwifterSwift tvOS";
			productName = "SwifterSwift tvOS";
			productReference = 0787418B1EEED3720026ADE7 /* SwifterSwift.framework */;
			productType = "com.apple.product-type.framework";
		};
		078741971EEED3950026ADE7 /* SwifterSwift watchOS */ = {
			isa = PBXNativeTarget;
			buildConfigurationList = 0787419D1EEED3950026ADE7 /* Build configuration list for PBXNativeTarget "SwifterSwift watchOS" */;
			buildPhases = (
				078741931EEED3950026ADE7 /* Sources */,
				078741941EEED3950026ADE7 /* Frameworks */,
				078741951EEED3950026ADE7 /* Headers */,
				078741961EEED3950026ADE7 /* Resources */,
			);
			buildRules = (
			);
			dependencies = (
			);
			name = "SwifterSwift watchOS";
			productName = "SwifterSwift watchOS";
			productReference = 078741981EEED3950026ADE7 /* SwifterSwift.framework */;
			productType = "com.apple.product-type.framework";
		};
		078741A41EEED3A60026ADE7 /* SwifterSwift macOS */ = {
			isa = PBXNativeTarget;
			buildConfigurationList = 078741AA1EEED3A60026ADE7 /* Build configuration list for PBXNativeTarget "SwifterSwift macOS" */;
			buildPhases = (
				078741A01EEED3A60026ADE7 /* Sources */,
				078741A11EEED3A60026ADE7 /* Frameworks */,
				078741A21EEED3A60026ADE7 /* Headers */,
				078741A31EEED3A60026ADE7 /* Resources */,
			);
			buildRules = (
			);
			dependencies = (
			);
			name = "SwifterSwift macOS";
			productName = "SwifterSwift macOS";
			productReference = 078741A51EEED3A60026ADE7 /* SwifterSwift.framework */;
			productType = "com.apple.product-type.framework";
		};
		07FEB2281EEEE8EC00EB564F /* SwifterSwift iOS Tests */ = {
			isa = PBXNativeTarget;
			buildConfigurationList = 07FEB2311EEEE8EC00EB564F /* Build configuration list for PBXNativeTarget "SwifterSwift iOS Tests" */;
			buildPhases = (
				07FEB2251EEEE8EC00EB564F /* Sources */,
				07FEB2261EEEE8EC00EB564F /* Frameworks */,
				07FEB2271EEEE8EC00EB564F /* Resources */,
			);
			buildRules = (
			);
			dependencies = (
				07FEB2301EEEE8EC00EB564F /* PBXTargetDependency */,
			);
			name = "SwifterSwift iOS Tests";
			productName = "SwifterSwift iOS Tests";
			productReference = 07FEB2291EEEE8EC00EB564F /* SwifterSwift iOS Tests.xctest */;
			productType = "com.apple.product-type.bundle.unit-test";
		};
		07FEB2371EEEE92A00EB564F /* SwifterSwift tvOS Tests */ = {
			isa = PBXNativeTarget;
			buildConfigurationList = 07FEB2401EEEE92A00EB564F /* Build configuration list for PBXNativeTarget "SwifterSwift tvOS Tests" */;
			buildPhases = (
				07FEB2341EEEE92A00EB564F /* Sources */,
				07FEB2351EEEE92A00EB564F /* Frameworks */,
				07FEB2361EEEE92A00EB564F /* Resources */,
			);
			buildRules = (
			);
			dependencies = (
				07FEB23F1EEEE92A00EB564F /* PBXTargetDependency */,
			);
			name = "SwifterSwift tvOS Tests";
			productName = "SwifterSwift tvOS Tests";
			productReference = 07FEB2381EEEE92A00EB564F /* SwifterSwift tvOS Tests.xctest */;
			productType = "com.apple.product-type.bundle.unit-test";
		};
		07FEB2461EEEE93C00EB564F /* SwifterSwift macOS Tests */ = {
			isa = PBXNativeTarget;
			buildConfigurationList = 07FEB24F1EEEE93C00EB564F /* Build configuration list for PBXNativeTarget "SwifterSwift macOS Tests" */;
			buildPhases = (
				07FEB2431EEEE93C00EB564F /* Sources */,
				07FEB2441EEEE93C00EB564F /* Frameworks */,
				07FEB2451EEEE93C00EB564F /* Resources */,
			);
			buildRules = (
			);
			dependencies = (
				07FEB24E1EEEE93C00EB564F /* PBXTargetDependency */,
			);
			name = "SwifterSwift macOS Tests";
			productName = "SwifterSwift macOS Tests";
			productReference = 07FEB2471EEEE93C00EB564F /* SwifterSwift macOS Tests.xctest */;
			productType = "com.apple.product-type.bundle.unit-test";
		};
/* End PBXNativeTarget section */

/* Begin PBXProject section */
		078741721EEED2BA0026ADE7 /* Project object */ = {
			isa = PBXProject;
			attributes = {
				LastSwiftUpdateCheck = 0900;
				LastUpgradeCheck = 0900;
				TargetAttributes = {
					0787417C1EEED3530026ADE7 = {
						CreatedOnToolsVersion = 9.0;
						LastSwiftMigration = 0900;
						ProvisioningStyle = Manual;
					};
					0787418A1EEED3720026ADE7 = {
						CreatedOnToolsVersion = 9.0;
						LastSwiftMigration = 0900;
					};
					078741971EEED3950026ADE7 = {
						CreatedOnToolsVersion = 9.0;
						LastSwiftMigration = 0900;
					};
					078741A41EEED3A60026ADE7 = {
						CreatedOnToolsVersion = 9.0;
						LastSwiftMigration = 0900;
						ProvisioningStyle = Automatic;
					};
					07FEB2281EEEE8EC00EB564F = {
						CreatedOnToolsVersion = 9.0;
					};
					07FEB2371EEEE92A00EB564F = {
						CreatedOnToolsVersion = 9.0;
					};
					07FEB2461EEEE93C00EB564F = {
						CreatedOnToolsVersion = 9.0;
					};
				};
			};
			buildConfigurationList = 078741751EEED2BA0026ADE7 /* Build configuration list for PBXProject "SwifterSwift" */;
			compatibilityVersion = "Xcode 8.0";
			developmentRegion = en;
			hasScannedForEncodings = 0;
			knownRegions = (
				en,
			);
			mainGroup = 078741711EEED2BA0026ADE7;
			productRefGroup = 0787417E1EEED3530026ADE7 /* Products */;
			projectDirPath = "";
			projectRoot = "";
			targets = (
				0787417C1EEED3530026ADE7 /* SwifterSwift iOS */,
				0787418A1EEED3720026ADE7 /* SwifterSwift tvOS */,
				078741A41EEED3A60026ADE7 /* SwifterSwift macOS */,
				078741971EEED3950026ADE7 /* SwifterSwift watchOS */,
				07FEB2281EEEE8EC00EB564F /* SwifterSwift iOS Tests */,
				07FEB2371EEEE92A00EB564F /* SwifterSwift tvOS Tests */,
				07FEB2461EEEE93C00EB564F /* SwifterSwift macOS Tests */,
			);
		};
/* End PBXProject section */

/* Begin PBXResourcesBuildPhase section */
		0787417B1EEED3530026ADE7 /* Resources */ = {
			isa = PBXResourcesBuildPhase;
			buildActionMask = 2147483647;
			files = (
			);
			runOnlyForDeploymentPostprocessing = 0;
		};
		078741891EEED3720026ADE7 /* Resources */ = {
			isa = PBXResourcesBuildPhase;
			buildActionMask = 2147483647;
			files = (
			);
			runOnlyForDeploymentPostprocessing = 0;
		};
		078741961EEED3950026ADE7 /* Resources */ = {
			isa = PBXResourcesBuildPhase;
			buildActionMask = 2147483647;
			files = (
			);
			runOnlyForDeploymentPostprocessing = 0;
		};
		078741A31EEED3A60026ADE7 /* Resources */ = {
			isa = PBXResourcesBuildPhase;
			buildActionMask = 2147483647;
			files = (
			);
			runOnlyForDeploymentPostprocessing = 0;
		};
		07FEB2271EEEE8EC00EB564F /* Resources */ = {
			isa = PBXResourcesBuildPhase;
			buildActionMask = 2147483647;
			files = (
			);
			runOnlyForDeploymentPostprocessing = 0;
		};
		07FEB2361EEEE92A00EB564F /* Resources */ = {
			isa = PBXResourcesBuildPhase;
			buildActionMask = 2147483647;
			files = (
			);
			runOnlyForDeploymentPostprocessing = 0;
		};
		07FEB2451EEEE93C00EB564F /* Resources */ = {
			isa = PBXResourcesBuildPhase;
			buildActionMask = 2147483647;
			files = (
			);
			runOnlyForDeploymentPostprocessing = 0;
		};
/* End PBXResourcesBuildPhase section */

/* Begin PBXSourcesBuildPhase section */
		078741781EEED3530026ADE7 /* Sources */ = {
			isa = PBXSourcesBuildPhase;
			buildActionMask = 2147483647;
			files = (
				07927A041EF2905100B3C47C /* StringExtensions.swift in Sources */,
				079CCA231EEEF2990057BE54 /* BoolExtensions.swift in Sources */,
				079CCA2A1EEEF2990057BE54 /* URLExtensions.swift in Sources */,
				079CCA271EEEF2990057BE54 /* FloatingPointExtensions.swift in Sources */,
				076A9D231EEF421900EF258A /* DataExtensions.swift in Sources */,
				076A9D241EEF421900EF258A /* IntExtensions.swift in Sources */,
				079CCA291EEEF2990057BE54 /* OptionalExtensions.swift in Sources */,
				079CCA251EEEF2990057BE54 /* DoubleExtensions.swift in Sources */,
				076A9D221EEF421900EF258A /* CharacterExtensions.swift in Sources */,
				079CCA281EEEF2990057BE54 /* LocaleExtensions.swift in Sources */,
				079CCA261EEEF2990057BE54 /* FloatExtensions.swift in Sources */,
				079CCA241EEEF2990057BE54 /* DateExtensions.swift in Sources */,
			);
			runOnlyForDeploymentPostprocessing = 0;
		};
		078741861EEED3720026ADE7 /* Sources */ = {
			isa = PBXSourcesBuildPhase;
			buildActionMask = 2147483647;
			files = (
				07927A051EF2905100B3C47C /* StringExtensions.swift in Sources */,
				079CCA2B1EEEF2990057BE54 /* BoolExtensions.swift in Sources */,
				079CCA321EEEF2990057BE54 /* URLExtensions.swift in Sources */,
				079CCA2F1EEEF2990057BE54 /* FloatingPointExtensions.swift in Sources */,
				076A9D201EEF421900EF258A /* DataExtensions.swift in Sources */,
				076A9D211EEF421900EF258A /* IntExtensions.swift in Sources */,
				079CCA311EEEF2990057BE54 /* OptionalExtensions.swift in Sources */,
				079CCA2D1EEEF2990057BE54 /* DoubleExtensions.swift in Sources */,
				076A9D1F1EEF421900EF258A /* CharacterExtensions.swift in Sources */,
				079CCA301EEEF2990057BE54 /* LocaleExtensions.swift in Sources */,
				079CCA2E1EEEF2990057BE54 /* FloatExtensions.swift in Sources */,
				079CCA2C1EEEF2990057BE54 /* DateExtensions.swift in Sources */,
			);
			runOnlyForDeploymentPostprocessing = 0;
		};
		078741931EEED3950026ADE7 /* Sources */ = {
			isa = PBXSourcesBuildPhase;
			buildActionMask = 2147483647;
			files = (
				07927A071EF2905200B3C47C /* StringExtensions.swift in Sources */,
				079CCA3B1EEEF29A0057BE54 /* BoolExtensions.swift in Sources */,
				079CCA421EEEF29A0057BE54 /* URLExtensions.swift in Sources */,
				079CCA3F1EEEF29A0057BE54 /* FloatingPointExtensions.swift in Sources */,
				076A9D261EEF421A00EF258A /* DataExtensions.swift in Sources */,
				076A9D271EEF421A00EF258A /* IntExtensions.swift in Sources */,
				079CCA411EEEF29A0057BE54 /* OptionalExtensions.swift in Sources */,
				079CCA3D1EEEF29A0057BE54 /* DoubleExtensions.swift in Sources */,
				076A9D251EEF421A00EF258A /* CharacterExtensions.swift in Sources */,
				079CCA401EEEF29A0057BE54 /* LocaleExtensions.swift in Sources */,
				079CCA3E1EEEF29A0057BE54 /* FloatExtensions.swift in Sources */,
				079CCA3C1EEEF29A0057BE54 /* DateExtensions.swift in Sources */,
			);
			runOnlyForDeploymentPostprocessing = 0;
		};
		078741A01EEED3A60026ADE7 /* Sources */ = {
			isa = PBXSourcesBuildPhase;
			buildActionMask = 2147483647;
			files = (
				07927A061EF2905200B3C47C /* StringExtensions.swift in Sources */,
				079CCA331EEEF2990057BE54 /* BoolExtensions.swift in Sources */,
				079CCA3A1EEEF2990057BE54 /* URLExtensions.swift in Sources */,
				079CCA371EEEF2990057BE54 /* FloatingPointExtensions.swift in Sources */,
				076A9D1D1EEF421800EF258A /* DataExtensions.swift in Sources */,
				076A9D1E1EEF421800EF258A /* IntExtensions.swift in Sources */,
				079CCA391EEEF2990057BE54 /* OptionalExtensions.swift in Sources */,
				079CCA351EEEF2990057BE54 /* DoubleExtensions.swift in Sources */,
				076A9D1C1EEF421800EF258A /* CharacterExtensions.swift in Sources */,
				079CCA381EEEF2990057BE54 /* LocaleExtensions.swift in Sources */,
				079CCA361EEEF2990057BE54 /* FloatExtensions.swift in Sources */,
				079CCA341EEEF2990057BE54 /* DateExtensions.swift in Sources */,
			);
			runOnlyForDeploymentPostprocessing = 0;
		};
		07FEB2251EEEE8EC00EB564F /* Sources */ = {
			isa = PBXSourcesBuildPhase;
			buildActionMask = 2147483647;
			files = (
				079CCA431EEEF2A20057BE54 /* BoolExtensionsTests.swift in Sources */,
				079CCA4A1EEEF2A20057BE54 /* URLExtensionsTests.swift in Sources */,
				079CCA481EEEF2A20057BE54 /* LocaleExtensionsTests.swift in Sources */,
				076A9D2C1EEF47F600EF258A /* DataExtensionsTests.swift in Sources */,
				079CCA491EEEF2A20057BE54 /* OptionalExtensionsTests.swift in Sources */,
				076A9D2D1EEF47F600EF258A /* IntExtensionsTests.swift in Sources */,
				079CCA441EEEF2A20057BE54 /* DateExtensionsTests.swift in Sources */,
				079CCA461EEEF2A20057BE54 /* FloatExtensionsTests.swift in Sources */,
				079CCA451EEEF2A20057BE54 /* DoubleExtensionsTests.swift in Sources */,
				079CCA471EEEF2A20057BE54 /* FloatingPointExtensionsTests.swift in Sources */,
				076A9D2B1EEF47F600EF258A /* CharacterExtensionsTests.swift in Sources */,
			);
			runOnlyForDeploymentPostprocessing = 0;
		};
		07FEB2341EEEE92A00EB564F /* Sources */ = {
			isa = PBXSourcesBuildPhase;
			buildActionMask = 2147483647;
			files = (
				079CCA4B1EEEF2A30057BE54 /* BoolExtensionsTests.swift in Sources */,
				079CCA521EEEF2A30057BE54 /* URLExtensionsTests.swift in Sources */,
				079CCA501EEEF2A30057BE54 /* LocaleExtensionsTests.swift in Sources */,
				076A9D2F1EEF47F700EF258A /* DataExtensionsTests.swift in Sources */,
				079CCA511EEEF2A30057BE54 /* OptionalExtensionsTests.swift in Sources */,
				076A9D301EEF47F700EF258A /* IntExtensionsTests.swift in Sources */,
				079CCA4C1EEEF2A30057BE54 /* DateExtensionsTests.swift in Sources */,
				079CCA4E1EEEF2A30057BE54 /* FloatExtensionsTests.swift in Sources */,
				079CCA4D1EEEF2A30057BE54 /* DoubleExtensionsTests.swift in Sources */,
				079CCA4F1EEEF2A30057BE54 /* FloatingPointExtensionsTests.swift in Sources */,
				076A9D2E1EEF47F600EF258A /* CharacterExtensionsTests.swift in Sources */,
			);
			runOnlyForDeploymentPostprocessing = 0;
		};
		07FEB2431EEEE93C00EB564F /* Sources */ = {
			isa = PBXSourcesBuildPhase;
			buildActionMask = 2147483647;
			files = (
				079CCA531EEEF2A30057BE54 /* BoolExtensionsTests.swift in Sources */,
				079CCA5A1EEEF2A30057BE54 /* URLExtensionsTests.swift in Sources */,
				079CCA581EEEF2A30057BE54 /* LocaleExtensionsTests.swift in Sources */,
				076A9D321EEF47F700EF258A /* DataExtensionsTests.swift in Sources */,
				079CCA591EEEF2A30057BE54 /* OptionalExtensionsTests.swift in Sources */,
				076A9D331EEF47F700EF258A /* IntExtensionsTests.swift in Sources */,
				079CCA541EEEF2A30057BE54 /* DateExtensionsTests.swift in Sources */,
				079CCA561EEEF2A30057BE54 /* FloatExtensionsTests.swift in Sources */,
				079CCA551EEEF2A30057BE54 /* DoubleExtensionsTests.swift in Sources */,
				079CCA571EEEF2A30057BE54 /* FloatingPointExtensionsTests.swift in Sources */,
				076A9D311EEF47F700EF258A /* CharacterExtensionsTests.swift in Sources */,
			);
			runOnlyForDeploymentPostprocessing = 0;
		};
/* End PBXSourcesBuildPhase section */

/* Begin PBXTargetDependency section */
		07FEB2301EEEE8EC00EB564F /* PBXTargetDependency */ = {
			isa = PBXTargetDependency;
			target = 0787417C1EEED3530026ADE7 /* SwifterSwift iOS */;
			targetProxy = 07FEB22F1EEEE8EC00EB564F /* PBXContainerItemProxy */;
		};
		07FEB23F1EEEE92A00EB564F /* PBXTargetDependency */ = {
			isa = PBXTargetDependency;
			target = 0787418A1EEED3720026ADE7 /* SwifterSwift tvOS */;
			targetProxy = 07FEB23E1EEEE92A00EB564F /* PBXContainerItemProxy */;
		};
		07FEB24E1EEEE93C00EB564F /* PBXTargetDependency */ = {
			isa = PBXTargetDependency;
			target = 078741A41EEED3A60026ADE7 /* SwifterSwift macOS */;
			targetProxy = 07FEB24D1EEEE93C00EB564F /* PBXContainerItemProxy */;
		};
/* End PBXTargetDependency section */

/* Begin XCBuildConfiguration section */
		078741761EEED2BA0026ADE7 /* Debug */ = {
			isa = XCBuildConfiguration;
			buildSettings = {
				CLANG_ENABLE_MODULES = YES;
				DEFINES_MODULE = YES;
				INFOPLIST_FILE = "";
				IPHONEOS_DEPLOYMENT_TARGET = 9.0;
				MACOSX_DEPLOYMENT_TARGET = 10.12;
			};
			name = Debug;
		};
		078741771EEED2BA0026ADE7 /* Release */ = {
			isa = XCBuildConfiguration;
			buildSettings = {
				CLANG_ENABLE_MODULES = YES;
				DEFINES_MODULE = YES;
				INFOPLIST_FILE = "";
				IPHONEOS_DEPLOYMENT_TARGET = 9.0;
				MACOSX_DEPLOYMENT_TARGET = 10.12;
			};
			name = Release;
		};
		078741841EEED3530026ADE7 /* Debug */ = {
			isa = XCBuildConfiguration;
			buildSettings = {
				ALWAYS_SEARCH_USER_PATHS = NO;
				CLANG_ANALYZER_NONNULL = YES;
				CLANG_ANALYZER_NUMBER_OBJECT_CONVERSION = YES_AGGRESSIVE;
				CLANG_CXX_LANGUAGE_STANDARD = "gnu++14";
				CLANG_CXX_LIBRARY = "libc++";
				CLANG_ENABLE_MODULES = YES;
				CLANG_ENABLE_MODULE_DEBUGGING = YES;
				CLANG_ENABLE_OBJC_ARC = YES;
				CLANG_WARN_BLOCK_CAPTURE_AUTORELEASING = YES;
				CLANG_WARN_BOOL_CONVERSION = YES;
				CLANG_WARN_COMMA = YES;
				CLANG_WARN_CONSTANT_CONVERSION = YES;
				CLANG_WARN_DIRECT_OBJC_ISA_USAGE = YES_ERROR;
				CLANG_WARN_DOCUMENTATION_COMMENTS = YES;
				CLANG_WARN_EMPTY_BODY = YES;
				CLANG_WARN_ENUM_CONVERSION = YES;
				CLANG_WARN_INFINITE_RECURSION = YES;
				CLANG_WARN_INT_CONVERSION = YES;
				CLANG_WARN_OBJC_ROOT_CLASS = YES_ERROR;
				CLANG_WARN_RANGE_LOOP_ANALYSIS = YES;
				CLANG_WARN_STRICT_PROTOTYPES = YES;
				CLANG_WARN_SUSPICIOUS_MOVE = YES;
				CLANG_WARN_UNGUARDED_AVAILABILITY = YES_AGGRESSIVE;
				CLANG_WARN_UNREACHABLE_CODE = YES;
				CLANG_WARN__DUPLICATE_METHOD_MATCH = YES;
				CODE_SIGN_IDENTITY = "iPhone Developer";
				CODE_SIGN_STYLE = Manual;
				COPY_PHASE_STRIP = NO;
				CURRENT_PROJECT_VERSION = 1;
				DEBUG_INFORMATION_FORMAT = dwarf;
				DEFINES_MODULE = YES;
				DEVELOPMENT_TEAM = "";
				DYLIB_COMPATIBILITY_VERSION = 1;
				DYLIB_CURRENT_VERSION = 1;
				DYLIB_INSTALL_NAME_BASE = "@rpath";
				ENABLE_STRICT_OBJC_MSGSEND = YES;
				ENABLE_TESTABILITY = YES;
				GCC_C_LANGUAGE_STANDARD = gnu11;
				GCC_DYNAMIC_NO_PIC = NO;
				GCC_NO_COMMON_BLOCKS = YES;
				GCC_OPTIMIZATION_LEVEL = 0;
				GCC_PREPROCESSOR_DEFINITIONS = (
					"DEBUG=1",
					"$(inherited)",
				);
				GCC_WARN_64_TO_32_BIT_CONVERSION = YES;
				GCC_WARN_ABOUT_RETURN_TYPE = YES_ERROR;
				GCC_WARN_UNDECLARED_SELECTOR = YES;
				GCC_WARN_UNINITIALIZED_AUTOS = YES_AGGRESSIVE;
				GCC_WARN_UNUSED_FUNCTION = YES;
				GCC_WARN_UNUSED_VARIABLE = YES;
				INFOPLIST_FILE = "$(SRCROOT)/Sources/Info.plist";
				INSTALL_PATH = "$(LOCAL_LIBRARY_DIR)/Frameworks";
				IPHONEOS_DEPLOYMENT_TARGET = 9.0;
				LD_RUNPATH_SEARCH_PATHS = "$(inherited) @executable_path/Frameworks @loader_path/Frameworks";
				MTL_ENABLE_DEBUG_INFO = YES;
				ONLY_ACTIVE_ARCH = YES;
				PRODUCT_BUNDLE_IDENTIFIER = "com.swifterswift.SwifterSwift-iOS";
				PRODUCT_NAME = SwifterSwift;
				PROVISIONING_PROFILE_SPECIFIER = "";
				SDKROOT = iphoneos;
				SKIP_INSTALL = YES;
				SWIFT_ACTIVE_COMPILATION_CONDITIONS = DEBUG;
				SWIFT_OBJC_BRIDGING_HEADER = "";
				SWIFT_OPTIMIZATION_LEVEL = "-Onone";
				SWIFT_VERSION = 4.0;
				TARGETED_DEVICE_FAMILY = "1,2";
				VERSIONING_SYSTEM = "apple-generic";
				VERSION_INFO_PREFIX = "";
			};
			name = Debug;
		};
		078741851EEED3530026ADE7 /* Release */ = {
			isa = XCBuildConfiguration;
			buildSettings = {
				ALWAYS_SEARCH_USER_PATHS = NO;
				CLANG_ANALYZER_NONNULL = YES;
				CLANG_ANALYZER_NUMBER_OBJECT_CONVERSION = YES_AGGRESSIVE;
				CLANG_CXX_LANGUAGE_STANDARD = "gnu++14";
				CLANG_CXX_LIBRARY = "libc++";
				CLANG_ENABLE_MODULES = YES;
				CLANG_ENABLE_MODULE_DEBUGGING = YES;
				CLANG_ENABLE_OBJC_ARC = YES;
				CLANG_WARN_BLOCK_CAPTURE_AUTORELEASING = YES;
				CLANG_WARN_BOOL_CONVERSION = YES;
				CLANG_WARN_COMMA = YES;
				CLANG_WARN_CONSTANT_CONVERSION = YES;
				CLANG_WARN_DIRECT_OBJC_ISA_USAGE = YES_ERROR;
				CLANG_WARN_DOCUMENTATION_COMMENTS = YES;
				CLANG_WARN_EMPTY_BODY = YES;
				CLANG_WARN_ENUM_CONVERSION = YES;
				CLANG_WARN_INFINITE_RECURSION = YES;
				CLANG_WARN_INT_CONVERSION = YES;
				CLANG_WARN_OBJC_ROOT_CLASS = YES_ERROR;
				CLANG_WARN_RANGE_LOOP_ANALYSIS = YES;
				CLANG_WARN_STRICT_PROTOTYPES = YES;
				CLANG_WARN_SUSPICIOUS_MOVE = YES;
				CLANG_WARN_UNGUARDED_AVAILABILITY = YES_AGGRESSIVE;
				CLANG_WARN_UNREACHABLE_CODE = YES;
				CLANG_WARN__DUPLICATE_METHOD_MATCH = YES;
				CODE_SIGN_IDENTITY = "iPhone Developer";
				CODE_SIGN_STYLE = Manual;
				COPY_PHASE_STRIP = NO;
				CURRENT_PROJECT_VERSION = 1;
				DEBUG_INFORMATION_FORMAT = "dwarf-with-dsym";
				DEFINES_MODULE = YES;
				DEVELOPMENT_TEAM = "";
				DYLIB_COMPATIBILITY_VERSION = 1;
				DYLIB_CURRENT_VERSION = 1;
				DYLIB_INSTALL_NAME_BASE = "@rpath";
				ENABLE_NS_ASSERTIONS = NO;
				ENABLE_STRICT_OBJC_MSGSEND = YES;
				GCC_C_LANGUAGE_STANDARD = gnu11;
				GCC_NO_COMMON_BLOCKS = YES;
				GCC_WARN_64_TO_32_BIT_CONVERSION = YES;
				GCC_WARN_ABOUT_RETURN_TYPE = YES_ERROR;
				GCC_WARN_UNDECLARED_SELECTOR = YES;
				GCC_WARN_UNINITIALIZED_AUTOS = YES_AGGRESSIVE;
				GCC_WARN_UNUSED_FUNCTION = YES;
				GCC_WARN_UNUSED_VARIABLE = YES;
				INFOPLIST_FILE = "$(SRCROOT)/Sources/Info.plist";
				INSTALL_PATH = "$(LOCAL_LIBRARY_DIR)/Frameworks";
				IPHONEOS_DEPLOYMENT_TARGET = 9.0;
				LD_RUNPATH_SEARCH_PATHS = "$(inherited) @executable_path/Frameworks @loader_path/Frameworks";
				MTL_ENABLE_DEBUG_INFO = NO;
				PRODUCT_BUNDLE_IDENTIFIER = "com.swifterswift.SwifterSwift-iOS";
				PRODUCT_NAME = SwifterSwift;
				PROVISIONING_PROFILE_SPECIFIER = "";
				SDKROOT = iphoneos;
				SKIP_INSTALL = YES;
				SWIFT_OBJC_BRIDGING_HEADER = "";
				SWIFT_OPTIMIZATION_LEVEL = "-Owholemodule";
				SWIFT_VERSION = 4.0;
				TARGETED_DEVICE_FAMILY = "1,2";
				VALIDATE_PRODUCT = YES;
				VERSIONING_SYSTEM = "apple-generic";
				VERSION_INFO_PREFIX = "";
			};
			name = Release;
		};
		078741911EEED3720026ADE7 /* Debug */ = {
			isa = XCBuildConfiguration;
			buildSettings = {
				ALWAYS_SEARCH_USER_PATHS = NO;
				CLANG_ANALYZER_NONNULL = YES;
				CLANG_ANALYZER_NUMBER_OBJECT_CONVERSION = YES_AGGRESSIVE;
				CLANG_CXX_LANGUAGE_STANDARD = "gnu++14";
				CLANG_CXX_LIBRARY = "libc++";
				CLANG_ENABLE_MODULES = YES;
				CLANG_ENABLE_MODULE_DEBUGGING = YES;
				CLANG_ENABLE_OBJC_ARC = YES;
				CLANG_WARN_BLOCK_CAPTURE_AUTORELEASING = YES;
				CLANG_WARN_BOOL_CONVERSION = YES;
				CLANG_WARN_COMMA = YES;
				CLANG_WARN_CONSTANT_CONVERSION = YES;
				CLANG_WARN_DIRECT_OBJC_ISA_USAGE = YES_ERROR;
				CLANG_WARN_DOCUMENTATION_COMMENTS = YES;
				CLANG_WARN_EMPTY_BODY = YES;
				CLANG_WARN_ENUM_CONVERSION = YES;
				CLANG_WARN_INFINITE_RECURSION = YES;
				CLANG_WARN_INT_CONVERSION = YES;
				CLANG_WARN_OBJC_ROOT_CLASS = YES_ERROR;
				CLANG_WARN_RANGE_LOOP_ANALYSIS = YES;
				CLANG_WARN_STRICT_PROTOTYPES = YES;
				CLANG_WARN_SUSPICIOUS_MOVE = YES;
				CLANG_WARN_UNGUARDED_AVAILABILITY = YES_AGGRESSIVE;
				CLANG_WARN_UNREACHABLE_CODE = YES;
				CLANG_WARN__DUPLICATE_METHOD_MATCH = YES;
				CODE_SIGN_IDENTITY = "";
				COPY_PHASE_STRIP = NO;
				CURRENT_PROJECT_VERSION = 1;
				DEBUG_INFORMATION_FORMAT = dwarf;
				DEFINES_MODULE = YES;
				DEVELOPMENT_TEAM = C3VKVFB3SA;
				DYLIB_COMPATIBILITY_VERSION = 1;
				DYLIB_CURRENT_VERSION = 1;
				DYLIB_INSTALL_NAME_BASE = "@rpath";
				ENABLE_STRICT_OBJC_MSGSEND = YES;
				ENABLE_TESTABILITY = YES;
				GCC_C_LANGUAGE_STANDARD = gnu11;
				GCC_DYNAMIC_NO_PIC = NO;
				GCC_NO_COMMON_BLOCKS = YES;
				GCC_OPTIMIZATION_LEVEL = 0;
				GCC_PREPROCESSOR_DEFINITIONS = (
					"DEBUG=1",
					"$(inherited)",
				);
				GCC_WARN_64_TO_32_BIT_CONVERSION = YES;
				GCC_WARN_ABOUT_RETURN_TYPE = YES_ERROR;
				GCC_WARN_UNDECLARED_SELECTOR = YES;
				GCC_WARN_UNINITIALIZED_AUTOS = YES_AGGRESSIVE;
				GCC_WARN_UNUSED_FUNCTION = YES;
				GCC_WARN_UNUSED_VARIABLE = YES;
				INFOPLIST_FILE = "$(SRCROOT)/Sources/Info.plist";
				INSTALL_PATH = "$(LOCAL_LIBRARY_DIR)/Frameworks";
				LD_RUNPATH_SEARCH_PATHS = "$(inherited) @executable_path/Frameworks @loader_path/Frameworks";
				MTL_ENABLE_DEBUG_INFO = YES;
				ONLY_ACTIVE_ARCH = YES;
				PRODUCT_BUNDLE_IDENTIFIER = "com.swifterswift.SwifterSwift-tvOS";
				PRODUCT_NAME = SwifterSwift;
				SDKROOT = appletvos;
				SKIP_INSTALL = YES;
				SWIFT_ACTIVE_COMPILATION_CONDITIONS = DEBUG;
				SWIFT_OBJC_BRIDGING_HEADER = "";
				SWIFT_OPTIMIZATION_LEVEL = "-Onone";
				SWIFT_VERSION = 4.0;
				TARGETED_DEVICE_FAMILY = 3;
				TVOS_DEPLOYMENT_TARGET = 9.0;
				VERSIONING_SYSTEM = "apple-generic";
				VERSION_INFO_PREFIX = "";
			};
			name = Debug;
		};
		078741921EEED3720026ADE7 /* Release */ = {
			isa = XCBuildConfiguration;
			buildSettings = {
				ALWAYS_SEARCH_USER_PATHS = NO;
				CLANG_ANALYZER_NONNULL = YES;
				CLANG_ANALYZER_NUMBER_OBJECT_CONVERSION = YES_AGGRESSIVE;
				CLANG_CXX_LANGUAGE_STANDARD = "gnu++14";
				CLANG_CXX_LIBRARY = "libc++";
				CLANG_ENABLE_MODULES = YES;
				CLANG_ENABLE_MODULE_DEBUGGING = YES;
				CLANG_ENABLE_OBJC_ARC = YES;
				CLANG_WARN_BLOCK_CAPTURE_AUTORELEASING = YES;
				CLANG_WARN_BOOL_CONVERSION = YES;
				CLANG_WARN_COMMA = YES;
				CLANG_WARN_CONSTANT_CONVERSION = YES;
				CLANG_WARN_DIRECT_OBJC_ISA_USAGE = YES_ERROR;
				CLANG_WARN_DOCUMENTATION_COMMENTS = YES;
				CLANG_WARN_EMPTY_BODY = YES;
				CLANG_WARN_ENUM_CONVERSION = YES;
				CLANG_WARN_INFINITE_RECURSION = YES;
				CLANG_WARN_INT_CONVERSION = YES;
				CLANG_WARN_OBJC_ROOT_CLASS = YES_ERROR;
				CLANG_WARN_RANGE_LOOP_ANALYSIS = YES;
				CLANG_WARN_STRICT_PROTOTYPES = YES;
				CLANG_WARN_SUSPICIOUS_MOVE = YES;
				CLANG_WARN_UNGUARDED_AVAILABILITY = YES_AGGRESSIVE;
				CLANG_WARN_UNREACHABLE_CODE = YES;
				CLANG_WARN__DUPLICATE_METHOD_MATCH = YES;
				CODE_SIGN_IDENTITY = "";
				COPY_PHASE_STRIP = NO;
				CURRENT_PROJECT_VERSION = 1;
				DEBUG_INFORMATION_FORMAT = "dwarf-with-dsym";
				DEFINES_MODULE = YES;
				DEVELOPMENT_TEAM = C3VKVFB3SA;
				DYLIB_COMPATIBILITY_VERSION = 1;
				DYLIB_CURRENT_VERSION = 1;
				DYLIB_INSTALL_NAME_BASE = "@rpath";
				ENABLE_NS_ASSERTIONS = NO;
				ENABLE_STRICT_OBJC_MSGSEND = YES;
				GCC_C_LANGUAGE_STANDARD = gnu11;
				GCC_NO_COMMON_BLOCKS = YES;
				GCC_WARN_64_TO_32_BIT_CONVERSION = YES;
				GCC_WARN_ABOUT_RETURN_TYPE = YES_ERROR;
				GCC_WARN_UNDECLARED_SELECTOR = YES;
				GCC_WARN_UNINITIALIZED_AUTOS = YES_AGGRESSIVE;
				GCC_WARN_UNUSED_FUNCTION = YES;
				GCC_WARN_UNUSED_VARIABLE = YES;
				INFOPLIST_FILE = "$(SRCROOT)/Sources/Info.plist";
				INSTALL_PATH = "$(LOCAL_LIBRARY_DIR)/Frameworks";
				LD_RUNPATH_SEARCH_PATHS = "$(inherited) @executable_path/Frameworks @loader_path/Frameworks";
				MTL_ENABLE_DEBUG_INFO = NO;
				PRODUCT_BUNDLE_IDENTIFIER = "com.swifterswift.SwifterSwift-tvOS";
				PRODUCT_NAME = SwifterSwift;
				SDKROOT = appletvos;
				SKIP_INSTALL = YES;
				SWIFT_OBJC_BRIDGING_HEADER = "";
				SWIFT_OPTIMIZATION_LEVEL = "-Owholemodule";
				SWIFT_VERSION = 4.0;
				TARGETED_DEVICE_FAMILY = 3;
				TVOS_DEPLOYMENT_TARGET = 9.0;
				VALIDATE_PRODUCT = YES;
				VERSIONING_SYSTEM = "apple-generic";
				VERSION_INFO_PREFIX = "";
			};
			name = Release;
		};
		0787419E1EEED3950026ADE7 /* Debug */ = {
			isa = XCBuildConfiguration;
			buildSettings = {
				ALWAYS_SEARCH_USER_PATHS = NO;
				APPLICATION_EXTENSION_API_ONLY = YES;
				CLANG_ANALYZER_NONNULL = YES;
				CLANG_ANALYZER_NUMBER_OBJECT_CONVERSION = YES_AGGRESSIVE;
				CLANG_CXX_LANGUAGE_STANDARD = "gnu++14";
				CLANG_CXX_LIBRARY = "libc++";
				CLANG_ENABLE_MODULES = YES;
				CLANG_ENABLE_MODULE_DEBUGGING = YES;
				CLANG_ENABLE_OBJC_ARC = YES;
				CLANG_WARN_BLOCK_CAPTURE_AUTORELEASING = YES;
				CLANG_WARN_BOOL_CONVERSION = YES;
				CLANG_WARN_COMMA = YES;
				CLANG_WARN_CONSTANT_CONVERSION = YES;
				CLANG_WARN_DIRECT_OBJC_ISA_USAGE = YES_ERROR;
				CLANG_WARN_DOCUMENTATION_COMMENTS = YES;
				CLANG_WARN_EMPTY_BODY = YES;
				CLANG_WARN_ENUM_CONVERSION = YES;
				CLANG_WARN_INFINITE_RECURSION = YES;
				CLANG_WARN_INT_CONVERSION = YES;
				CLANG_WARN_OBJC_ROOT_CLASS = YES_ERROR;
				CLANG_WARN_RANGE_LOOP_ANALYSIS = YES;
				CLANG_WARN_STRICT_PROTOTYPES = YES;
				CLANG_WARN_SUSPICIOUS_MOVE = YES;
				CLANG_WARN_UNGUARDED_AVAILABILITY = YES_AGGRESSIVE;
				CLANG_WARN_UNREACHABLE_CODE = YES;
				CLANG_WARN__DUPLICATE_METHOD_MATCH = YES;
				CODE_SIGN_IDENTITY = "";
				COPY_PHASE_STRIP = NO;
				CURRENT_PROJECT_VERSION = 1;
				DEBUG_INFORMATION_FORMAT = dwarf;
				DEFINES_MODULE = YES;
				DEVELOPMENT_TEAM = C3VKVFB3SA;
				DYLIB_COMPATIBILITY_VERSION = 1;
				DYLIB_CURRENT_VERSION = 1;
				DYLIB_INSTALL_NAME_BASE = "@rpath";
				ENABLE_STRICT_OBJC_MSGSEND = YES;
				ENABLE_TESTABILITY = YES;
				GCC_C_LANGUAGE_STANDARD = gnu11;
				GCC_DYNAMIC_NO_PIC = NO;
				GCC_NO_COMMON_BLOCKS = YES;
				GCC_OPTIMIZATION_LEVEL = 0;
				GCC_PREPROCESSOR_DEFINITIONS = (
					"DEBUG=1",
					"$(inherited)",
				);
				GCC_WARN_64_TO_32_BIT_CONVERSION = YES;
				GCC_WARN_ABOUT_RETURN_TYPE = YES_ERROR;
				GCC_WARN_UNDECLARED_SELECTOR = YES;
				GCC_WARN_UNINITIALIZED_AUTOS = YES_AGGRESSIVE;
				GCC_WARN_UNUSED_FUNCTION = YES;
				GCC_WARN_UNUSED_VARIABLE = YES;
				INFOPLIST_FILE = "$(SRCROOT)/Sources/Info.plist";
				INSTALL_PATH = "$(LOCAL_LIBRARY_DIR)/Frameworks";
				LD_RUNPATH_SEARCH_PATHS = "$(inherited) @executable_path/Frameworks @loader_path/Frameworks";
				MTL_ENABLE_DEBUG_INFO = YES;
				ONLY_ACTIVE_ARCH = YES;
				PRODUCT_BUNDLE_IDENTIFIER = "com.swifterswift.SwifterSwift-watchOS";
				PRODUCT_NAME = SwifterSwift;
				SDKROOT = watchos;
				SKIP_INSTALL = YES;
				SWIFT_ACTIVE_COMPILATION_CONDITIONS = DEBUG;
				SWIFT_OBJC_BRIDGING_HEADER = "";
				SWIFT_OPTIMIZATION_LEVEL = "-Onone";
				SWIFT_VERSION = 4.0;
				TARGETED_DEVICE_FAMILY = 4;
				VERSIONING_SYSTEM = "apple-generic";
				VERSION_INFO_PREFIX = "";
				WATCHOS_DEPLOYMENT_TARGET = 3.0;
			};
			name = Debug;
		};
		0787419F1EEED3950026ADE7 /* Release */ = {
			isa = XCBuildConfiguration;
			buildSettings = {
				ALWAYS_SEARCH_USER_PATHS = NO;
				APPLICATION_EXTENSION_API_ONLY = YES;
				CLANG_ANALYZER_NONNULL = YES;
				CLANG_ANALYZER_NUMBER_OBJECT_CONVERSION = YES_AGGRESSIVE;
				CLANG_CXX_LANGUAGE_STANDARD = "gnu++14";
				CLANG_CXX_LIBRARY = "libc++";
				CLANG_ENABLE_MODULES = YES;
				CLANG_ENABLE_MODULE_DEBUGGING = YES;
				CLANG_ENABLE_OBJC_ARC = YES;
				CLANG_WARN_BLOCK_CAPTURE_AUTORELEASING = YES;
				CLANG_WARN_BOOL_CONVERSION = YES;
				CLANG_WARN_COMMA = YES;
				CLANG_WARN_CONSTANT_CONVERSION = YES;
				CLANG_WARN_DIRECT_OBJC_ISA_USAGE = YES_ERROR;
				CLANG_WARN_DOCUMENTATION_COMMENTS = YES;
				CLANG_WARN_EMPTY_BODY = YES;
				CLANG_WARN_ENUM_CONVERSION = YES;
				CLANG_WARN_INFINITE_RECURSION = YES;
				CLANG_WARN_INT_CONVERSION = YES;
				CLANG_WARN_OBJC_ROOT_CLASS = YES_ERROR;
				CLANG_WARN_RANGE_LOOP_ANALYSIS = YES;
				CLANG_WARN_STRICT_PROTOTYPES = YES;
				CLANG_WARN_SUSPICIOUS_MOVE = YES;
				CLANG_WARN_UNGUARDED_AVAILABILITY = YES_AGGRESSIVE;
				CLANG_WARN_UNREACHABLE_CODE = YES;
				CLANG_WARN__DUPLICATE_METHOD_MATCH = YES;
				CODE_SIGN_IDENTITY = "";
				COPY_PHASE_STRIP = NO;
				CURRENT_PROJECT_VERSION = 1;
				DEBUG_INFORMATION_FORMAT = "dwarf-with-dsym";
				DEFINES_MODULE = YES;
				DEVELOPMENT_TEAM = C3VKVFB3SA;
				DYLIB_COMPATIBILITY_VERSION = 1;
				DYLIB_CURRENT_VERSION = 1;
				DYLIB_INSTALL_NAME_BASE = "@rpath";
				ENABLE_NS_ASSERTIONS = NO;
				ENABLE_STRICT_OBJC_MSGSEND = YES;
				GCC_C_LANGUAGE_STANDARD = gnu11;
				GCC_NO_COMMON_BLOCKS = YES;
				GCC_WARN_64_TO_32_BIT_CONVERSION = YES;
				GCC_WARN_ABOUT_RETURN_TYPE = YES_ERROR;
				GCC_WARN_UNDECLARED_SELECTOR = YES;
				GCC_WARN_UNINITIALIZED_AUTOS = YES_AGGRESSIVE;
				GCC_WARN_UNUSED_FUNCTION = YES;
				GCC_WARN_UNUSED_VARIABLE = YES;
				INFOPLIST_FILE = "$(SRCROOT)/Sources/Info.plist";
				INSTALL_PATH = "$(LOCAL_LIBRARY_DIR)/Frameworks";
				LD_RUNPATH_SEARCH_PATHS = "$(inherited) @executable_path/Frameworks @loader_path/Frameworks";
				MTL_ENABLE_DEBUG_INFO = NO;
				PRODUCT_BUNDLE_IDENTIFIER = "com.swifterswift.SwifterSwift-watchOS";
				PRODUCT_NAME = SwifterSwift;
				SDKROOT = watchos;
				SKIP_INSTALL = YES;
				SWIFT_OBJC_BRIDGING_HEADER = "";
				SWIFT_OPTIMIZATION_LEVEL = "-Owholemodule";
				SWIFT_VERSION = 4.0;
				TARGETED_DEVICE_FAMILY = 4;
				VALIDATE_PRODUCT = YES;
				VERSIONING_SYSTEM = "apple-generic";
				VERSION_INFO_PREFIX = "";
				WATCHOS_DEPLOYMENT_TARGET = 3.0;
			};
			name = Release;
		};
		078741AB1EEED3A60026ADE7 /* Debug */ = {
			isa = XCBuildConfiguration;
			buildSettings = {
				ALWAYS_SEARCH_USER_PATHS = NO;
				CLANG_ANALYZER_NONNULL = YES;
				CLANG_ANALYZER_NUMBER_OBJECT_CONVERSION = YES_AGGRESSIVE;
				CLANG_CXX_LANGUAGE_STANDARD = "gnu++14";
				CLANG_CXX_LIBRARY = "libc++";
				CLANG_ENABLE_MODULES = YES;
				CLANG_ENABLE_MODULE_DEBUGGING = YES;
				CLANG_ENABLE_OBJC_ARC = YES;
				CLANG_WARN_BLOCK_CAPTURE_AUTORELEASING = YES;
				CLANG_WARN_BOOL_CONVERSION = YES;
				CLANG_WARN_COMMA = YES;
				CLANG_WARN_CONSTANT_CONVERSION = YES;
				CLANG_WARN_DIRECT_OBJC_ISA_USAGE = YES_ERROR;
				CLANG_WARN_DOCUMENTATION_COMMENTS = YES;
				CLANG_WARN_EMPTY_BODY = YES;
				CLANG_WARN_ENUM_CONVERSION = YES;
				CLANG_WARN_INFINITE_RECURSION = YES;
				CLANG_WARN_INT_CONVERSION = YES;
				CLANG_WARN_OBJC_ROOT_CLASS = YES_ERROR;
				CLANG_WARN_RANGE_LOOP_ANALYSIS = YES;
				CLANG_WARN_STRICT_PROTOTYPES = YES;
				CLANG_WARN_SUSPICIOUS_MOVE = YES;
				CLANG_WARN_UNGUARDED_AVAILABILITY = YES_AGGRESSIVE;
				CLANG_WARN_UNREACHABLE_CODE = YES;
				CLANG_WARN__DUPLICATE_METHOD_MATCH = YES;
				CODE_SIGN_IDENTITY = "Mac Developer";
				CODE_SIGN_STYLE = Automatic;
				COMBINE_HIDPI_IMAGES = YES;
				COPY_PHASE_STRIP = NO;
				CURRENT_PROJECT_VERSION = 1;
				DEBUG_INFORMATION_FORMAT = dwarf;
				DEFINES_MODULE = YES;
				DEVELOPMENT_TEAM = C3VKVFB3SA;
				DYLIB_COMPATIBILITY_VERSION = 1;
				DYLIB_CURRENT_VERSION = 1;
				DYLIB_INSTALL_NAME_BASE = "@rpath";
				ENABLE_STRICT_OBJC_MSGSEND = YES;
				ENABLE_TESTABILITY = YES;
				FRAMEWORK_VERSION = A;
				GCC_C_LANGUAGE_STANDARD = gnu11;
				GCC_DYNAMIC_NO_PIC = NO;
				GCC_NO_COMMON_BLOCKS = YES;
				GCC_OPTIMIZATION_LEVEL = 0;
				GCC_PREPROCESSOR_DEFINITIONS = (
					"DEBUG=1",
					"$(inherited)",
				);
				GCC_WARN_64_TO_32_BIT_CONVERSION = YES;
				GCC_WARN_ABOUT_RETURN_TYPE = YES_ERROR;
				GCC_WARN_UNDECLARED_SELECTOR = YES;
				GCC_WARN_UNINITIALIZED_AUTOS = YES_AGGRESSIVE;
				GCC_WARN_UNUSED_FUNCTION = YES;
				GCC_WARN_UNUSED_VARIABLE = YES;
				INFOPLIST_FILE = "$(SRCROOT)/Sources/Info.plist";
				INFOPLIST_OUTPUT_FORMAT = binary;
				INSTALL_PATH = "$(LOCAL_LIBRARY_DIR)/Frameworks";
				LD_RUNPATH_SEARCH_PATHS = "$(inherited) @executable_path/../Frameworks @loader_path/Frameworks";
				MACOSX_DEPLOYMENT_TARGET = 10.12;
				MTL_ENABLE_DEBUG_INFO = YES;
				ONLY_ACTIVE_ARCH = YES;
				PRODUCT_BUNDLE_IDENTIFIER = "com.swifterswift.SwifterSwift-macOS";
				PRODUCT_NAME = SwifterSwift;
				PROVISIONING_PROFILE_SPECIFIER = "";
				SDKROOT = macosx;
				SKIP_INSTALL = YES;
				SWIFT_ACTIVE_COMPILATION_CONDITIONS = DEBUG;
				SWIFT_OBJC_BRIDGING_HEADER = "";
				SWIFT_OPTIMIZATION_LEVEL = "-Onone";
				SWIFT_VERSION = 4.0;
				VERSIONING_SYSTEM = "apple-generic";
				VERSION_INFO_PREFIX = "";
			};
			name = Debug;
		};
		078741AC1EEED3A60026ADE7 /* Release */ = {
			isa = XCBuildConfiguration;
			buildSettings = {
				ALWAYS_SEARCH_USER_PATHS = NO;
				CLANG_ANALYZER_NONNULL = YES;
				CLANG_ANALYZER_NUMBER_OBJECT_CONVERSION = YES_AGGRESSIVE;
				CLANG_CXX_LANGUAGE_STANDARD = "gnu++14";
				CLANG_CXX_LIBRARY = "libc++";
				CLANG_ENABLE_MODULES = YES;
				CLANG_ENABLE_MODULE_DEBUGGING = YES;
				CLANG_ENABLE_OBJC_ARC = YES;
				CLANG_WARN_BLOCK_CAPTURE_AUTORELEASING = YES;
				CLANG_WARN_BOOL_CONVERSION = YES;
				CLANG_WARN_COMMA = YES;
				CLANG_WARN_CONSTANT_CONVERSION = YES;
				CLANG_WARN_DIRECT_OBJC_ISA_USAGE = YES_ERROR;
				CLANG_WARN_DOCUMENTATION_COMMENTS = YES;
				CLANG_WARN_EMPTY_BODY = YES;
				CLANG_WARN_ENUM_CONVERSION = YES;
				CLANG_WARN_INFINITE_RECURSION = YES;
				CLANG_WARN_INT_CONVERSION = YES;
				CLANG_WARN_OBJC_ROOT_CLASS = YES_ERROR;
				CLANG_WARN_RANGE_LOOP_ANALYSIS = YES;
				CLANG_WARN_STRICT_PROTOTYPES = YES;
				CLANG_WARN_SUSPICIOUS_MOVE = YES;
				CLANG_WARN_UNGUARDED_AVAILABILITY = YES_AGGRESSIVE;
				CLANG_WARN_UNREACHABLE_CODE = YES;
				CLANG_WARN__DUPLICATE_METHOD_MATCH = YES;
				CODE_SIGN_IDENTITY = "Mac Developer";
				CODE_SIGN_STYLE = Automatic;
				COMBINE_HIDPI_IMAGES = YES;
				COPY_PHASE_STRIP = NO;
				CURRENT_PROJECT_VERSION = 1;
				DEBUG_INFORMATION_FORMAT = "dwarf-with-dsym";
				DEFINES_MODULE = YES;
				DEVELOPMENT_TEAM = C3VKVFB3SA;
				DYLIB_COMPATIBILITY_VERSION = 1;
				DYLIB_CURRENT_VERSION = 1;
				DYLIB_INSTALL_NAME_BASE = "@rpath";
				ENABLE_NS_ASSERTIONS = NO;
				ENABLE_STRICT_OBJC_MSGSEND = YES;
				FRAMEWORK_VERSION = A;
				GCC_C_LANGUAGE_STANDARD = gnu11;
				GCC_NO_COMMON_BLOCKS = YES;
				GCC_WARN_64_TO_32_BIT_CONVERSION = YES;
				GCC_WARN_ABOUT_RETURN_TYPE = YES_ERROR;
				GCC_WARN_UNDECLARED_SELECTOR = YES;
				GCC_WARN_UNINITIALIZED_AUTOS = YES_AGGRESSIVE;
				GCC_WARN_UNUSED_FUNCTION = YES;
				GCC_WARN_UNUSED_VARIABLE = YES;
				INFOPLIST_FILE = "$(SRCROOT)/Sources/Info.plist";
				INFOPLIST_OUTPUT_FORMAT = binary;
				INSTALL_PATH = "$(LOCAL_LIBRARY_DIR)/Frameworks";
				LD_RUNPATH_SEARCH_PATHS = "$(inherited) @executable_path/../Frameworks @loader_path/Frameworks";
				MACOSX_DEPLOYMENT_TARGET = 10.12;
				MTL_ENABLE_DEBUG_INFO = NO;
				PRODUCT_BUNDLE_IDENTIFIER = "com.swifterswift.SwifterSwift-macOS";
				PRODUCT_NAME = SwifterSwift;
				PROVISIONING_PROFILE_SPECIFIER = "";
				SDKROOT = macosx;
				SKIP_INSTALL = YES;
				SWIFT_OBJC_BRIDGING_HEADER = "";
				SWIFT_OPTIMIZATION_LEVEL = "-Owholemodule";
				SWIFT_VERSION = 4.0;
				VERSIONING_SYSTEM = "apple-generic";
				VERSION_INFO_PREFIX = "";
			};
			name = Release;
		};
		07FEB2321EEEE8EC00EB564F /* Debug */ = {
			isa = XCBuildConfiguration;
			buildSettings = {
				ALWAYS_EMBED_SWIFT_STANDARD_LIBRARIES = YES;
				ALWAYS_SEARCH_USER_PATHS = NO;
				CLANG_ANALYZER_NONNULL = YES;
				CLANG_ANALYZER_NUMBER_OBJECT_CONVERSION = YES_AGGRESSIVE;
				CLANG_CXX_LANGUAGE_STANDARD = "gnu++14";
				CLANG_CXX_LIBRARY = "libc++";
				CLANG_ENABLE_OBJC_ARC = YES;
				CLANG_WARN_BLOCK_CAPTURE_AUTORELEASING = YES;
				CLANG_WARN_BOOL_CONVERSION = YES;
				CLANG_WARN_COMMA = YES;
				CLANG_WARN_CONSTANT_CONVERSION = YES;
				CLANG_WARN_DIRECT_OBJC_ISA_USAGE = YES_ERROR;
				CLANG_WARN_DOCUMENTATION_COMMENTS = YES;
				CLANG_WARN_EMPTY_BODY = YES;
				CLANG_WARN_ENUM_CONVERSION = YES;
				CLANG_WARN_INFINITE_RECURSION = YES;
				CLANG_WARN_INT_CONVERSION = YES;
				CLANG_WARN_OBJC_ROOT_CLASS = YES_ERROR;
				CLANG_WARN_RANGE_LOOP_ANALYSIS = YES;
				CLANG_WARN_STRICT_PROTOTYPES = YES;
				CLANG_WARN_SUSPICIOUS_MOVE = YES;
				CLANG_WARN_UNGUARDED_AVAILABILITY = YES_AGGRESSIVE;
				CLANG_WARN_UNREACHABLE_CODE = YES;
				CLANG_WARN__DUPLICATE_METHOD_MATCH = YES;
				CODE_SIGN_IDENTITY = "iPhone Developer";
				COPY_PHASE_STRIP = NO;
				DEBUG_INFORMATION_FORMAT = dwarf;
				DEVELOPMENT_TEAM = C3VKVFB3SA;
				ENABLE_STRICT_OBJC_MSGSEND = YES;
				ENABLE_TESTABILITY = YES;
				GCC_C_LANGUAGE_STANDARD = gnu11;
				GCC_DYNAMIC_NO_PIC = NO;
				GCC_NO_COMMON_BLOCKS = YES;
				GCC_OPTIMIZATION_LEVEL = 0;
				GCC_PREPROCESSOR_DEFINITIONS = (
					"DEBUG=1",
					"$(inherited)",
				);
				GCC_WARN_64_TO_32_BIT_CONVERSION = YES;
				GCC_WARN_ABOUT_RETURN_TYPE = YES_ERROR;
				GCC_WARN_UNDECLARED_SELECTOR = YES;
				GCC_WARN_UNINITIALIZED_AUTOS = YES_AGGRESSIVE;
				GCC_WARN_UNUSED_FUNCTION = YES;
				GCC_WARN_UNUSED_VARIABLE = YES;
				INFOPLIST_FILE = Tests/Info.plist;
				IPHONEOS_DEPLOYMENT_TARGET = 11.0;
				LD_RUNPATH_SEARCH_PATHS = "$(inherited) @executable_path/Frameworks @loader_path/Frameworks";
				MTL_ENABLE_DEBUG_INFO = YES;
				ONLY_ACTIVE_ARCH = YES;
				PRODUCT_BUNDLE_IDENTIFIER = "com.swifterswift.SwifterSwift-iOS-Tests";
				PRODUCT_NAME = "$(TARGET_NAME)";
				SDKROOT = iphoneos;
				SWIFT_ACTIVE_COMPILATION_CONDITIONS = DEBUG;
				SWIFT_OPTIMIZATION_LEVEL = "-Onone";
				SWIFT_VERSION = 4.0;
				TARGETED_DEVICE_FAMILY = "1,2";
			};
			name = Debug;
		};
		07FEB2331EEEE8EC00EB564F /* Release */ = {
			isa = XCBuildConfiguration;
			buildSettings = {
				ALWAYS_EMBED_SWIFT_STANDARD_LIBRARIES = YES;
				ALWAYS_SEARCH_USER_PATHS = NO;
				CLANG_ANALYZER_NONNULL = YES;
				CLANG_ANALYZER_NUMBER_OBJECT_CONVERSION = YES_AGGRESSIVE;
				CLANG_CXX_LANGUAGE_STANDARD = "gnu++14";
				CLANG_CXX_LIBRARY = "libc++";
				CLANG_ENABLE_OBJC_ARC = YES;
				CLANG_WARN_BLOCK_CAPTURE_AUTORELEASING = YES;
				CLANG_WARN_BOOL_CONVERSION = YES;
				CLANG_WARN_COMMA = YES;
				CLANG_WARN_CONSTANT_CONVERSION = YES;
				CLANG_WARN_DIRECT_OBJC_ISA_USAGE = YES_ERROR;
				CLANG_WARN_DOCUMENTATION_COMMENTS = YES;
				CLANG_WARN_EMPTY_BODY = YES;
				CLANG_WARN_ENUM_CONVERSION = YES;
				CLANG_WARN_INFINITE_RECURSION = YES;
				CLANG_WARN_INT_CONVERSION = YES;
				CLANG_WARN_OBJC_ROOT_CLASS = YES_ERROR;
				CLANG_WARN_RANGE_LOOP_ANALYSIS = YES;
				CLANG_WARN_STRICT_PROTOTYPES = YES;
				CLANG_WARN_SUSPICIOUS_MOVE = YES;
				CLANG_WARN_UNGUARDED_AVAILABILITY = YES_AGGRESSIVE;
				CLANG_WARN_UNREACHABLE_CODE = YES;
				CLANG_WARN__DUPLICATE_METHOD_MATCH = YES;
				CODE_SIGN_IDENTITY = "iPhone Developer";
				COPY_PHASE_STRIP = NO;
				DEBUG_INFORMATION_FORMAT = "dwarf-with-dsym";
				DEVELOPMENT_TEAM = C3VKVFB3SA;
				ENABLE_NS_ASSERTIONS = NO;
				ENABLE_STRICT_OBJC_MSGSEND = YES;
				GCC_C_LANGUAGE_STANDARD = gnu11;
				GCC_NO_COMMON_BLOCKS = YES;
				GCC_WARN_64_TO_32_BIT_CONVERSION = YES;
				GCC_WARN_ABOUT_RETURN_TYPE = YES_ERROR;
				GCC_WARN_UNDECLARED_SELECTOR = YES;
				GCC_WARN_UNINITIALIZED_AUTOS = YES_AGGRESSIVE;
				GCC_WARN_UNUSED_FUNCTION = YES;
				GCC_WARN_UNUSED_VARIABLE = YES;
				INFOPLIST_FILE = Tests/Info.plist;
				IPHONEOS_DEPLOYMENT_TARGET = 11.0;
				LD_RUNPATH_SEARCH_PATHS = "$(inherited) @executable_path/Frameworks @loader_path/Frameworks";
				MTL_ENABLE_DEBUG_INFO = NO;
				PRODUCT_BUNDLE_IDENTIFIER = "com.swifterswift.SwifterSwift-iOS-Tests";
				PRODUCT_NAME = "$(TARGET_NAME)";
				SDKROOT = iphoneos;
				SWIFT_OPTIMIZATION_LEVEL = "-Owholemodule";
				SWIFT_VERSION = 4.0;
				TARGETED_DEVICE_FAMILY = "1,2";
				VALIDATE_PRODUCT = YES;
			};
			name = Release;
		};
		07FEB2411EEEE92A00EB564F /* Debug */ = {
			isa = XCBuildConfiguration;
			buildSettings = {
				ALWAYS_EMBED_SWIFT_STANDARD_LIBRARIES = YES;
				ALWAYS_SEARCH_USER_PATHS = NO;
				CLANG_ANALYZER_NONNULL = YES;
				CLANG_ANALYZER_NUMBER_OBJECT_CONVERSION = YES_AGGRESSIVE;
				CLANG_CXX_LANGUAGE_STANDARD = "gnu++14";
				CLANG_CXX_LIBRARY = "libc++";
				CLANG_ENABLE_OBJC_ARC = YES;
				CLANG_WARN_BLOCK_CAPTURE_AUTORELEASING = YES;
				CLANG_WARN_BOOL_CONVERSION = YES;
				CLANG_WARN_COMMA = YES;
				CLANG_WARN_CONSTANT_CONVERSION = YES;
				CLANG_WARN_DIRECT_OBJC_ISA_USAGE = YES_ERROR;
				CLANG_WARN_DOCUMENTATION_COMMENTS = YES;
				CLANG_WARN_EMPTY_BODY = YES;
				CLANG_WARN_ENUM_CONVERSION = YES;
				CLANG_WARN_INFINITE_RECURSION = YES;
				CLANG_WARN_INT_CONVERSION = YES;
				CLANG_WARN_OBJC_ROOT_CLASS = YES_ERROR;
				CLANG_WARN_RANGE_LOOP_ANALYSIS = YES;
				CLANG_WARN_STRICT_PROTOTYPES = YES;
				CLANG_WARN_SUSPICIOUS_MOVE = YES;
				CLANG_WARN_UNGUARDED_AVAILABILITY = YES_AGGRESSIVE;
				CLANG_WARN_UNREACHABLE_CODE = YES;
				CLANG_WARN__DUPLICATE_METHOD_MATCH = YES;
				COPY_PHASE_STRIP = NO;
				DEBUG_INFORMATION_FORMAT = dwarf;
				DEVELOPMENT_TEAM = C3VKVFB3SA;
				ENABLE_STRICT_OBJC_MSGSEND = YES;
				ENABLE_TESTABILITY = YES;
				GCC_C_LANGUAGE_STANDARD = gnu11;
				GCC_DYNAMIC_NO_PIC = NO;
				GCC_NO_COMMON_BLOCKS = YES;
				GCC_OPTIMIZATION_LEVEL = 0;
				GCC_PREPROCESSOR_DEFINITIONS = (
					"DEBUG=1",
					"$(inherited)",
				);
				GCC_WARN_64_TO_32_BIT_CONVERSION = YES;
				GCC_WARN_ABOUT_RETURN_TYPE = YES_ERROR;
				GCC_WARN_UNDECLARED_SELECTOR = YES;
				GCC_WARN_UNINITIALIZED_AUTOS = YES_AGGRESSIVE;
				GCC_WARN_UNUSED_FUNCTION = YES;
				GCC_WARN_UNUSED_VARIABLE = YES;
				INFOPLIST_FILE = Tests/Info.plist;
				LD_RUNPATH_SEARCH_PATHS = "$(inherited) @executable_path/Frameworks @loader_path/Frameworks";
				MTL_ENABLE_DEBUG_INFO = YES;
				ONLY_ACTIVE_ARCH = YES;
				PRODUCT_BUNDLE_IDENTIFIER = "com.swifterswift.SwifterSwift-tvOS-Tests";
				PRODUCT_NAME = "$(TARGET_NAME)";
				SDKROOT = appletvos;
				SWIFT_ACTIVE_COMPILATION_CONDITIONS = DEBUG;
				SWIFT_OPTIMIZATION_LEVEL = "-Onone";
				SWIFT_VERSION = 4.0;
				TARGETED_DEVICE_FAMILY = 3;
				TVOS_DEPLOYMENT_TARGET = 11.0;
			};
			name = Debug;
		};
		07FEB2421EEEE92A00EB564F /* Release */ = {
			isa = XCBuildConfiguration;
			buildSettings = {
				ALWAYS_EMBED_SWIFT_STANDARD_LIBRARIES = YES;
				ALWAYS_SEARCH_USER_PATHS = NO;
				CLANG_ANALYZER_NONNULL = YES;
				CLANG_ANALYZER_NUMBER_OBJECT_CONVERSION = YES_AGGRESSIVE;
				CLANG_CXX_LANGUAGE_STANDARD = "gnu++14";
				CLANG_CXX_LIBRARY = "libc++";
				CLANG_ENABLE_OBJC_ARC = YES;
				CLANG_WARN_BLOCK_CAPTURE_AUTORELEASING = YES;
				CLANG_WARN_BOOL_CONVERSION = YES;
				CLANG_WARN_COMMA = YES;
				CLANG_WARN_CONSTANT_CONVERSION = YES;
				CLANG_WARN_DIRECT_OBJC_ISA_USAGE = YES_ERROR;
				CLANG_WARN_DOCUMENTATION_COMMENTS = YES;
				CLANG_WARN_EMPTY_BODY = YES;
				CLANG_WARN_ENUM_CONVERSION = YES;
				CLANG_WARN_INFINITE_RECURSION = YES;
				CLANG_WARN_INT_CONVERSION = YES;
				CLANG_WARN_OBJC_ROOT_CLASS = YES_ERROR;
				CLANG_WARN_RANGE_LOOP_ANALYSIS = YES;
				CLANG_WARN_STRICT_PROTOTYPES = YES;
				CLANG_WARN_SUSPICIOUS_MOVE = YES;
				CLANG_WARN_UNGUARDED_AVAILABILITY = YES_AGGRESSIVE;
				CLANG_WARN_UNREACHABLE_CODE = YES;
				CLANG_WARN__DUPLICATE_METHOD_MATCH = YES;
				COPY_PHASE_STRIP = NO;
				DEBUG_INFORMATION_FORMAT = "dwarf-with-dsym";
				DEVELOPMENT_TEAM = C3VKVFB3SA;
				ENABLE_NS_ASSERTIONS = NO;
				ENABLE_STRICT_OBJC_MSGSEND = YES;
				GCC_C_LANGUAGE_STANDARD = gnu11;
				GCC_NO_COMMON_BLOCKS = YES;
				GCC_WARN_64_TO_32_BIT_CONVERSION = YES;
				GCC_WARN_ABOUT_RETURN_TYPE = YES_ERROR;
				GCC_WARN_UNDECLARED_SELECTOR = YES;
				GCC_WARN_UNINITIALIZED_AUTOS = YES_AGGRESSIVE;
				GCC_WARN_UNUSED_FUNCTION = YES;
				GCC_WARN_UNUSED_VARIABLE = YES;
				INFOPLIST_FILE = Tests/Info.plist;
				LD_RUNPATH_SEARCH_PATHS = "$(inherited) @executable_path/Frameworks @loader_path/Frameworks";
				MTL_ENABLE_DEBUG_INFO = NO;
				PRODUCT_BUNDLE_IDENTIFIER = "com.swifterswift.SwifterSwift-tvOS-Tests";
				PRODUCT_NAME = "$(TARGET_NAME)";
				SDKROOT = appletvos;
				SWIFT_OPTIMIZATION_LEVEL = "-Owholemodule";
				SWIFT_VERSION = 4.0;
				TARGETED_DEVICE_FAMILY = 3;
				TVOS_DEPLOYMENT_TARGET = 11.0;
				VALIDATE_PRODUCT = YES;
			};
			name = Release;
		};
		07FEB2501EEEE93C00EB564F /* Debug */ = {
			isa = XCBuildConfiguration;
			buildSettings = {
				ALWAYS_EMBED_SWIFT_STANDARD_LIBRARIES = YES;
				ALWAYS_SEARCH_USER_PATHS = NO;
				CLANG_ANALYZER_NONNULL = YES;
				CLANG_ANALYZER_NUMBER_OBJECT_CONVERSION = YES_AGGRESSIVE;
				CLANG_CXX_LANGUAGE_STANDARD = "gnu++14";
				CLANG_CXX_LIBRARY = "libc++";
				CLANG_ENABLE_OBJC_ARC = YES;
				CLANG_WARN_BLOCK_CAPTURE_AUTORELEASING = YES;
				CLANG_WARN_BOOL_CONVERSION = YES;
				CLANG_WARN_COMMA = YES;
				CLANG_WARN_CONSTANT_CONVERSION = YES;
				CLANG_WARN_DIRECT_OBJC_ISA_USAGE = YES_ERROR;
				CLANG_WARN_DOCUMENTATION_COMMENTS = YES;
				CLANG_WARN_EMPTY_BODY = YES;
				CLANG_WARN_ENUM_CONVERSION = YES;
				CLANG_WARN_INFINITE_RECURSION = YES;
				CLANG_WARN_INT_CONVERSION = YES;
				CLANG_WARN_OBJC_ROOT_CLASS = YES_ERROR;
				CLANG_WARN_RANGE_LOOP_ANALYSIS = YES;
				CLANG_WARN_STRICT_PROTOTYPES = YES;
				CLANG_WARN_SUSPICIOUS_MOVE = YES;
				CLANG_WARN_UNGUARDED_AVAILABILITY = YES_AGGRESSIVE;
				CLANG_WARN_UNREACHABLE_CODE = YES;
				CLANG_WARN__DUPLICATE_METHOD_MATCH = YES;
				CODE_SIGN_IDENTITY = "Mac Developer";
				COMBINE_HIDPI_IMAGES = YES;
				COPY_PHASE_STRIP = NO;
				DEBUG_INFORMATION_FORMAT = dwarf;
				DEVELOPMENT_TEAM = C3VKVFB3SA;
				ENABLE_STRICT_OBJC_MSGSEND = YES;
				ENABLE_TESTABILITY = YES;
				GCC_C_LANGUAGE_STANDARD = gnu11;
				GCC_DYNAMIC_NO_PIC = NO;
				GCC_NO_COMMON_BLOCKS = YES;
				GCC_OPTIMIZATION_LEVEL = 0;
				GCC_PREPROCESSOR_DEFINITIONS = (
					"DEBUG=1",
					"$(inherited)",
				);
				GCC_WARN_64_TO_32_BIT_CONVERSION = YES;
				GCC_WARN_ABOUT_RETURN_TYPE = YES_ERROR;
				GCC_WARN_UNDECLARED_SELECTOR = YES;
				GCC_WARN_UNINITIALIZED_AUTOS = YES_AGGRESSIVE;
				GCC_WARN_UNUSED_FUNCTION = YES;
				GCC_WARN_UNUSED_VARIABLE = YES;
				INFOPLIST_FILE = Tests/Info.plist;
				LD_RUNPATH_SEARCH_PATHS = "$(inherited) @executable_path/../Frameworks @loader_path/../Frameworks";
				MTL_ENABLE_DEBUG_INFO = YES;
				ONLY_ACTIVE_ARCH = YES;
				PRODUCT_BUNDLE_IDENTIFIER = "com.swifterswift.SwifterSwift-macOS-Tests";
				PRODUCT_NAME = "$(TARGET_NAME)";
				SDKROOT = macosx;
				SWIFT_ACTIVE_COMPILATION_CONDITIONS = DEBUG;
				SWIFT_OPTIMIZATION_LEVEL = "-Onone";
				SWIFT_VERSION = 4.0;
			};
			name = Debug;
		};
		07FEB2511EEEE93C00EB564F /* Release */ = {
			isa = XCBuildConfiguration;
			buildSettings = {
				ALWAYS_EMBED_SWIFT_STANDARD_LIBRARIES = YES;
				ALWAYS_SEARCH_USER_PATHS = NO;
				CLANG_ANALYZER_NONNULL = YES;
				CLANG_ANALYZER_NUMBER_OBJECT_CONVERSION = YES_AGGRESSIVE;
				CLANG_CXX_LANGUAGE_STANDARD = "gnu++14";
				CLANG_CXX_LIBRARY = "libc++";
				CLANG_ENABLE_OBJC_ARC = YES;
				CLANG_WARN_BLOCK_CAPTURE_AUTORELEASING = YES;
				CLANG_WARN_BOOL_CONVERSION = YES;
				CLANG_WARN_COMMA = YES;
				CLANG_WARN_CONSTANT_CONVERSION = YES;
				CLANG_WARN_DIRECT_OBJC_ISA_USAGE = YES_ERROR;
				CLANG_WARN_DOCUMENTATION_COMMENTS = YES;
				CLANG_WARN_EMPTY_BODY = YES;
				CLANG_WARN_ENUM_CONVERSION = YES;
				CLANG_WARN_INFINITE_RECURSION = YES;
				CLANG_WARN_INT_CONVERSION = YES;
				CLANG_WARN_OBJC_ROOT_CLASS = YES_ERROR;
				CLANG_WARN_RANGE_LOOP_ANALYSIS = YES;
				CLANG_WARN_STRICT_PROTOTYPES = YES;
				CLANG_WARN_SUSPICIOUS_MOVE = YES;
				CLANG_WARN_UNGUARDED_AVAILABILITY = YES_AGGRESSIVE;
				CLANG_WARN_UNREACHABLE_CODE = YES;
				CLANG_WARN__DUPLICATE_METHOD_MATCH = YES;
				CODE_SIGN_IDENTITY = "Mac Developer";
				COMBINE_HIDPI_IMAGES = YES;
				COPY_PHASE_STRIP = NO;
				DEBUG_INFORMATION_FORMAT = "dwarf-with-dsym";
				DEVELOPMENT_TEAM = C3VKVFB3SA;
				ENABLE_NS_ASSERTIONS = NO;
				ENABLE_STRICT_OBJC_MSGSEND = YES;
				GCC_C_LANGUAGE_STANDARD = gnu11;
				GCC_NO_COMMON_BLOCKS = YES;
				GCC_WARN_64_TO_32_BIT_CONVERSION = YES;
				GCC_WARN_ABOUT_RETURN_TYPE = YES_ERROR;
				GCC_WARN_UNDECLARED_SELECTOR = YES;
				GCC_WARN_UNINITIALIZED_AUTOS = YES_AGGRESSIVE;
				GCC_WARN_UNUSED_FUNCTION = YES;
				GCC_WARN_UNUSED_VARIABLE = YES;
				INFOPLIST_FILE = Tests/Info.plist;
				LD_RUNPATH_SEARCH_PATHS = "$(inherited) @executable_path/../Frameworks @loader_path/../Frameworks";
				MTL_ENABLE_DEBUG_INFO = NO;
				PRODUCT_BUNDLE_IDENTIFIER = "com.swifterswift.SwifterSwift-macOS-Tests";
				PRODUCT_NAME = "$(TARGET_NAME)";
				SDKROOT = macosx;
				SWIFT_OPTIMIZATION_LEVEL = "-Owholemodule";
				SWIFT_VERSION = 4.0;
			};
			name = Release;
		};
/* End XCBuildConfiguration section */

/* Begin XCConfigurationList section */
		078741751EEED2BA0026ADE7 /* Build configuration list for PBXProject "SwifterSwift" */ = {
			isa = XCConfigurationList;
			buildConfigurations = (
				078741761EEED2BA0026ADE7 /* Debug */,
				078741771EEED2BA0026ADE7 /* Release */,
			);
			defaultConfigurationIsVisible = 0;
			defaultConfigurationName = Release;
		};
		078741831EEED3530026ADE7 /* Build configuration list for PBXNativeTarget "SwifterSwift iOS" */ = {
			isa = XCConfigurationList;
			buildConfigurations = (
				078741841EEED3530026ADE7 /* Debug */,
				078741851EEED3530026ADE7 /* Release */,
			);
			defaultConfigurationIsVisible = 0;
			defaultConfigurationName = Release;
		};
		078741901EEED3720026ADE7 /* Build configuration list for PBXNativeTarget "SwifterSwift tvOS" */ = {
			isa = XCConfigurationList;
			buildConfigurations = (
				078741911EEED3720026ADE7 /* Debug */,
				078741921EEED3720026ADE7 /* Release */,
			);
			defaultConfigurationIsVisible = 0;
			defaultConfigurationName = Release;
		};
		0787419D1EEED3950026ADE7 /* Build configuration list for PBXNativeTarget "SwifterSwift watchOS" */ = {
			isa = XCConfigurationList;
			buildConfigurations = (
				0787419E1EEED3950026ADE7 /* Debug */,
				0787419F1EEED3950026ADE7 /* Release */,
			);
			defaultConfigurationIsVisible = 0;
			defaultConfigurationName = Release;
		};
		078741AA1EEED3A60026ADE7 /* Build configuration list for PBXNativeTarget "SwifterSwift macOS" */ = {
			isa = XCConfigurationList;
			buildConfigurations = (
				078741AB1EEED3A60026ADE7 /* Debug */,
				078741AC1EEED3A60026ADE7 /* Release */,
			);
			defaultConfigurationIsVisible = 0;
			defaultConfigurationName = Release;
		};
		07FEB2311EEEE8EC00EB564F /* Build configuration list for PBXNativeTarget "SwifterSwift iOS Tests" */ = {
			isa = XCConfigurationList;
			buildConfigurations = (
				07FEB2321EEEE8EC00EB564F /* Debug */,
				07FEB2331EEEE8EC00EB564F /* Release */,
			);
			defaultConfigurationIsVisible = 0;
			defaultConfigurationName = Release;
		};
		07FEB2401EEEE92A00EB564F /* Build configuration list for PBXNativeTarget "SwifterSwift tvOS Tests" */ = {
			isa = XCConfigurationList;
			buildConfigurations = (
				07FEB2411EEEE92A00EB564F /* Debug */,
				07FEB2421EEEE92A00EB564F /* Release */,
			);
			defaultConfigurationIsVisible = 0;
			defaultConfigurationName = Release;
		};
		07FEB24F1EEEE93C00EB564F /* Build configuration list for PBXNativeTarget "SwifterSwift macOS Tests" */ = {
			isa = XCConfigurationList;
			buildConfigurations = (
				07FEB2501EEEE93C00EB564F /* Debug */,
				07FEB2511EEEE93C00EB564F /* Release */,
			);
			defaultConfigurationIsVisible = 0;
			defaultConfigurationName = Release;
		};
/* End XCConfigurationList section */
	};
	rootObject = 078741721EEED2BA0026ADE7 /* Project object */;
}
